// !$*UTF8*$!
{
	archiveVersion = 1;
	classes = {
	};
	objectVersion = 46;
	objects = {

/* Begin PBXBuildFile section */
		00D9D893B26B9E57CB33FC12 /* Pods_FileManager.framework in Frameworks */ = {isa = PBXBuildFile; fileRef = C4F31E74A1933BC1B38B7D36 /* Pods_FileManager.framework */; };
		6C0280DD1E5BE39F0071F836 /* FaceTransferView.m in Sources */ = {isa = PBXBuildFile; fileRef = 6C0280DC1E5BE39F0071F836 /* FaceTransferView.m */; };
		6C0B218B1E61878200238416 /* SafeView.m in Sources */ = {isa = PBXBuildFile; fileRef = 6C0B218A1E61878200238416 /* SafeView.m */; };
		6C0B21921E61BF1B00238416 /* CLLockItemView.m in Sources */ = {isa = PBXBuildFile; fileRef = 6C0B21911E61BF1B00238416 /* CLLockItemView.m */; };
		6C0B21951E61BF4B00238416 /* CoreLockConst.m in Sources */ = {isa = PBXBuildFile; fileRef = 6C0B21941E61BF4B00238416 /* CoreLockConst.m */; };
		6C0E258C1E0D07A30056CD21 /* XQuickLookController.m in Sources */ = {isa = PBXBuildFile; fileRef = 6C0E258B1E0D07A30056CD21 /* XQuickLookController.m */; };
		6C1B2D671DF6A0440090C303 /* MobileVLCKit.framework in Frameworks */ = {isa = PBXBuildFile; fileRef = 6C1B2D661DF6A0440090C303 /* MobileVLCKit.framework */; };
		6C26CF851DE14B0800742666 /* Main.storyboard in Resources */ = {isa = PBXBuildFile; fileRef = 6C4D91B31DDEA6F900023AF8 /* Main.storyboard */; };
		6C26CF861DE14B1300742666 /* LaunchScreen.storyboard in Resources */ = {isa = PBXBuildFile; fileRef = 6C4D91B81DDEA6F900023AF8 /* LaunchScreen.storyboard */; };
		6C2DE2CC1E1CF4D5004E98D8 /* SecretViewController.m in Sources */ = {isa = PBXBuildFile; fileRef = 6C2DE2CB1E1CF4D5004E98D8 /* SecretViewController.m */; };
		6C30BD771E558854007C8306 /* TransferIPManager.m in Sources */ = {isa = PBXBuildFile; fileRef = 6C30BD761E558854007C8306 /* TransferIPManager.m */; };
		6C3331C21DFAA7920067FC45 /* FileModel.xcdatamodeld in Sources */ = {isa = PBXBuildFile; fileRef = 6C3331C01DFAA7920067FC45 /* FileModel.xcdatamodeld */; };
		6C3331C51DFAA9850067FC45 /* XManageCoreData.m in Sources */ = {isa = PBXBuildFile; fileRef = 6C3331C41DFAA9850067FC45 /* XManageCoreData.m */; };
		6C3331C71DFAAB6D0067FC45 /* CoreData.framework in Frameworks */ = {isa = PBXBuildFile; fileRef = 6C3331C61DFAAB6D0067FC45 /* CoreData.framework */; };
		6C35C9A01E4BF9E00090295A /* FormatConver.m in Sources */ = {isa = PBXBuildFile; fileRef = 6C35C99D1E4BF9E00090295A /* FormatConver.m */; };
		6C35C9A11E4BF9E00090295A /* FormatConverViewController.m in Sources */ = {isa = PBXBuildFile; fileRef = 6C35C99F1E4BF9E00090295A /* FormatConverViewController.m */; };
		6C35C9A41E4BFC300090295A /* FaceTransferViewController.m in Sources */ = {isa = PBXBuildFile; fileRef = 6C35C9A31E4BFC300090295A /* FaceTransferViewController.m */; };
		6C35C9A71E4BFC400090295A /* PhotoImportViewController.m in Sources */ = {isa = PBXBuildFile; fileRef = 6C35C9A61E4BFC400090295A /* PhotoImportViewController.m */; };
		6C3E0A0E1E2E55E2001323DA /* XNavigationController.m in Sources */ = {isa = PBXBuildFile; fileRef = 6C3E0A0D1E2E55E2001323DA /* XNavigationController.m */; };
		6C47B5CA1E4DBA6F003F33AE /* PhotoImportCollectionCell.m in Sources */ = {isa = PBXBuildFile; fileRef = 6C47B5C91E4DBA6F003F33AE /* PhotoImportCollectionCell.m */; };
		6C47DECC1DE3E1D800FA7364 /* libc++.tbd in Frameworks */ = {isa = PBXBuildFile; fileRef = 6C47DECB1DE3E1D800FA7364 /* libc++.tbd */; };
		6C47DECF1DE3EDD700FA7364 /* UIColor+Hex.m in Sources */ = {isa = PBXBuildFile; fileRef = 6C47DECE1DE3EDD700FA7364 /* UIColor+Hex.m */; };
		6C4D91A91DDEA6F900023AF8 /* main.m in Sources */ = {isa = PBXBuildFile; fileRef = 6C4D91A81DDEA6F900023AF8 /* main.m */; };
		6C4D91AC1DDEA6F900023AF8 /* AppDelegate.m in Sources */ = {isa = PBXBuildFile; fileRef = 6C4D91AB1DDEA6F900023AF8 /* AppDelegate.m */; };
		6C4D91B71DDEA6F900023AF8 /* Assets.xcassets in Resources */ = {isa = PBXBuildFile; fileRef = 6C4D91B61DDEA6F900023AF8 /* Assets.xcassets */; };
		6C4D91C51DDEA6FA00023AF8 /* FileManagerTests.m in Sources */ = {isa = PBXBuildFile; fileRef = 6C4D91C41DDEA6FA00023AF8 /* FileManagerTests.m */; };
		6C4D91D01DDEA6FA00023AF8 /* FileManagerUITests.m in Sources */ = {isa = PBXBuildFile; fileRef = 6C4D91CF1DDEA6FA00023AF8 /* FileManagerUITests.m */; };
		6C4D91E11DDEA93E00023AF8 /* FilesTableViewController.m in Sources */ = {isa = PBXBuildFile; fileRef = 6C4D91E01DDEA93E00023AF8 /* FilesTableViewController.m */; };
		6C4D91E41DDEA95400023AF8 /* SettingsTableViewController.m in Sources */ = {isa = PBXBuildFile; fileRef = 6C4D91E31DDEA95400023AF8 /* SettingsTableViewController.m */; };
		6C4D91E91DDEAB2E00023AF8 /* FilesListController.m in Sources */ = {isa = PBXBuildFile; fileRef = 6C4D91E81DDEAB2E00023AF8 /* FilesListController.m */; };
		6C4D91ED1DDEBB8200023AF8 /* WebListTableViewController.m in Sources */ = {isa = PBXBuildFile; fileRef = 6C4D91EC1DDEBB8200023AF8 /* WebListTableViewController.m */; };
		6C4D91F41DDECBB700023AF8 /* UIView+xiao.m in Sources */ = {isa = PBXBuildFile; fileRef = 6C4D91F31DDECBB700023AF8 /* UIView+xiao.m */; };
		6C4D91FB1DDED1D700023AF8 /* libbz2.1.0.tbd in Frameworks */ = {isa = PBXBuildFile; fileRef = 6C4D91FA1DDED1D700023AF8 /* libbz2.1.0.tbd */; };
		6C4D91FD1DDED1E100023AF8 /* libz.1.tbd in Frameworks */ = {isa = PBXBuildFile; fileRef = 6C4D91FC1DDED1E100023AF8 /* libz.1.tbd */; };
		6C4D91FF1DDED1EB00023AF8 /* libc++.1.tbd in Frameworks */ = {isa = PBXBuildFile; fileRef = 6C4D91FE1DDED1EB00023AF8 /* libc++.1.tbd */; };
		6C4D92011DDED1F800023AF8 /* libiconv.2.tbd in Frameworks */ = {isa = PBXBuildFile; fileRef = 6C4D92001DDED1F800023AF8 /* libiconv.2.tbd */; };
		6C4D92031DDED20400023AF8 /* libstdc++.6.0.9.tbd in Frameworks */ = {isa = PBXBuildFile; fileRef = 6C4D92021DDED20400023AF8 /* libstdc++.6.0.9.tbd */; };
		6C4D92051DDED21600023AF8 /* MediaPlayer.framework in Frameworks */ = {isa = PBXBuildFile; fileRef = 6C4D92041DDED21600023AF8 /* MediaPlayer.framework */; };
		6C4D92071DDED21E00023AF8 /* AVFoundation.framework in Frameworks */ = {isa = PBXBuildFile; fileRef = 6C4D92061DDED21E00023AF8 /* AVFoundation.framework */; };
		6C4D92091DDED23000023AF8 /* CoreAudio.framework in Frameworks */ = {isa = PBXBuildFile; fileRef = 6C4D92081DDED23000023AF8 /* CoreAudio.framework */; };
		6C4D920B1DDED24200023AF8 /* CoreVideo.framework in Frameworks */ = {isa = PBXBuildFile; fileRef = 6C4D920A1DDED24200023AF8 /* CoreVideo.framework */; };
		6C4D920D1DDED24B00023AF8 /* CoreMedia.framework in Frameworks */ = {isa = PBXBuildFile; fileRef = 6C4D920C1DDED24B00023AF8 /* CoreMedia.framework */; };
		6C4D920F1DDED25300023AF8 /* VideoToolbox.framework in Frameworks */ = {isa = PBXBuildFile; fileRef = 6C4D920E1DDED25300023AF8 /* VideoToolbox.framework */; };
		6C4D92111DDED25B00023AF8 /* AudioToolbox.framework in Frameworks */ = {isa = PBXBuildFile; fileRef = 6C4D92101DDED25A00023AF8 /* AudioToolbox.framework */; };
		6C4D921B1DDED41300023AF8 /* MRVideoHUDView.m in Sources */ = {isa = PBXBuildFile; fileRef = 6C4D92151DDED41300023AF8 /* MRVideoHUDView.m */; };
		6C4D921C1DDED41300023AF8 /* MRVideoControlView.m in Sources */ = {isa = PBXBuildFile; fileRef = 6C4D92171DDED41300023AF8 /* MRVideoControlView.m */; };
		6C4D921D1DDED41300023AF8 /* MRVLCPlayer.mm in Sources */ = {isa = PBXBuildFile; fileRef = 6C4D92191DDED41300023AF8 /* MRVLCPlayer.mm */; };
		6C4D92231DDED5D200023AF8 /* VideoViewController.m in Sources */ = {isa = PBXBuildFile; fileRef = 6C4D92221DDED5D200023AF8 /* VideoViewController.m */; };
		6C4D92261DDEF04700023AF8 /* XTools.m in Sources */ = {isa = PBXBuildFile; fileRef = 6C4D92251DDEF04700023AF8 /* XTools.m */; };
		6C4FD6981E02B1F6000B96E6 /* XProgressView.m in Sources */ = {isa = PBXBuildFile; fileRef = 6C4FD6971E02B1F6000B96E6 /* XProgressView.m */; };
		6C560B671E56D49500CA92BE /* libUMessage_Sdk_1.4.0.a in Frameworks */ = {isa = PBXBuildFile; fileRef = 6C560B651E56D49500CA92BE /* libUMessage_Sdk_1.4.0.a */; };
		6C560B691E56D4AD00CA92BE /* UserNotifications.framework in Frameworks */ = {isa = PBXBuildFile; fileRef = 6C560B681E56D4AD00CA92BE /* UserNotifications.framework */; };
		6C64AE9E1E06AE80007F8DFD /* MoveFilesView.m in Sources */ = {isa = PBXBuildFile; fileRef = 6C64AE9D1E06AE80007F8DFD /* MoveFilesView.m */; };
		6C76D5561DE544510085AE3D /* ScanViewController.m in Sources */ = {isa = PBXBuildFile; fileRef = 6C76D5551DE544510085AE3D /* ScanViewController.m */; };
		6C76D5591DE545C40085AE3D /* QRCodeReaderView.m in Sources */ = {isa = PBXBuildFile; fileRef = 6C76D5581DE545C40085AE3D /* QRCodeReaderView.m */; };
		6C76D55B1DE564160085AE3D /* noticeMusic.wav in Resources */ = {isa = PBXBuildFile; fileRef = 6C76D55A1DE564160085AE3D /* noticeMusic.wav */; };
		6C7947101DE44A51002A7083 /* SVWebViewController.m in Sources */ = {isa = PBXBuildFile; fileRef = 6C7947081DE44A51002A7083 /* SVWebViewController.m */; };
		6C7947111DE44A51002A7083 /* SVWebViewControllerActivity.m in Sources */ = {isa = PBXBuildFile; fileRef = 6C79470A1DE44A51002A7083 /* SVWebViewControllerActivity.m */; };
		6C7947121DE44A51002A7083 /* SVWebViewControllerActivityChrome.m in Sources */ = {isa = PBXBuildFile; fileRef = 6C79470C1DE44A51002A7083 /* SVWebViewControllerActivityChrome.m */; };
		6C7947131DE44A51002A7083 /* SVWebViewControllerActivitySafari.m in Sources */ = {isa = PBXBuildFile; fileRef = 6C79470E1DE44A51002A7083 /* SVWebViewControllerActivitySafari.m */; };
		6C86B6A81E49A4170008611C /* InfoDetailViewController.m in Sources */ = {isa = PBXBuildFile; fileRef = 6C86B6A71E49A4170008611C /* InfoDetailViewController.m */; };
		6C86B6AC1E49D49C0008611C /* QRCreateViewController.m in Sources */ = {isa = PBXBuildFile; fileRef = 6C86B6AB1E49D49C0008611C /* QRCreateViewController.m */; };
		6C908ABD1DEC191000E6FF11 /* libz.tbd in Frameworks */ = {isa = PBXBuildFile; fileRef = 6C908ABC1DEC191000E6FF11 /* libz.tbd */; };
		6C908ABF1DEC192100E6FF11 /* libxml2.tbd in Frameworks */ = {isa = PBXBuildFile; fileRef = 6C908ABE1DEC192100E6FF11 /* libxml2.tbd */; };
		6C908AC11DEC193100E6FF11 /* CFNetwork.framework in Frameworks */ = {isa = PBXBuildFile; fileRef = 6C908AC01DEC193100E6FF11 /* CFNetwork.framework */; };
		6C908AC31DEC194600E6FF11 /* MobileCoreServices.framework in Frameworks */ = {isa = PBXBuildFile; fileRef = 6C908AC21DEC194600E6FF11 /* MobileCoreServices.framework */; };
		6C908AC51DEC195500E6FF11 /* UIKit.framework in Frameworks */ = {isa = PBXBuildFile; fileRef = 6C908AC41DEC195500E6FF11 /* UIKit.framework */; };
		6C9D8ADF1E0C00C10050C047 /* FileDetailController.m in Sources */ = {isa = PBXBuildFile; fileRef = 6C9D8ADE1E0C00C10050C047 /* FileDetailController.m */; };
		6CAE9B231E092832008C42A7 /* DownLoadCenter.m in Sources */ = {isa = PBXBuildFile; fileRef = 6CAE9B221E092832008C42A7 /* DownLoadCenter.m */; };
		6CB120AA1DFCEFC000C81CC1 /* AudioViewController.m in Sources */ = {isa = PBXBuildFile; fileRef = 6CB120A91DFCEFC000C81CC1 /* AudioViewController.m */; };
		6CB120AD1DFCFF5400C81CC1 /* VideoAudioPlayer.m in Sources */ = {isa = PBXBuildFile; fileRef = 6CB120AC1DFCFF5400C81CC1 /* VideoAudioPlayer.m */; };
		6CB120B01DFD7C2000C81CC1 /* AudioPlayingButton.m in Sources */ = {isa = PBXBuildFile; fileRef = 6CB120AF1DFD7C2000C81CC1 /* AudioPlayingButton.m */; };
		6CB28C581E66C9F60037290C /* DownloadCenterCell.m in Sources */ = {isa = PBXBuildFile; fileRef = 6CB28C571E66C9F60037290C /* DownloadCenterCell.m */; };
		6CB28C661E66D4E60037290C /* Record+CoreDataProperties.m in Sources */ = {isa = PBXBuildFile; fileRef = 6CB28C5C1E66D4E50037290C /* Record+CoreDataProperties.m */; };
		6CB28C681E66D4E60037290C /* WebCollector+CoreDataProperties.m in Sources */ = {isa = PBXBuildFile; fileRef = 6CB28C601E66D4E60037290C /* WebCollector+CoreDataProperties.m */; };
		6CB28C6A1E66D4E60037290C /* Download+CoreDataProperties.m in Sources */ = {isa = PBXBuildFile; fileRef = 6CB28C641E66D4E60037290C /* Download+CoreDataProperties.m */; };
		6CB29CED1DE7E38A00C2FC2C /* XTabBarViewController.m in Sources */ = {isa = PBXBuildFile; fileRef = 6CB29CEC1DE7E38A00C2FC2C /* XTabBarViewController.m */; };
		6CB29CF31DE7EC8700C2FC2C /* PreferencesTableViewController.m in Sources */ = {isa = PBXBuildFile; fileRef = 6CB29CF21DE7EC8700C2FC2C /* PreferencesTableViewController.m */; };
		6CBDC85D1DFC0E9700DB0AD1 /* XimageViewController.m in Sources */ = {isa = PBXBuildFile; fileRef = 6CBDC85C1DFC0E9700DB0AD1 /* XimageViewController.m */; };
		6CBFA7A31DEA80620001CE17 /* XHUDView.m in Sources */ = {isa = PBXBuildFile; fileRef = 6CBFA7A21DEA80620001CE17 /* XHUDView.m */; };
		6CBFA7A61DEA89B30001CE17 /* PlayerCenterView.m in Sources */ = {isa = PBXBuildFile; fileRef = 6CBFA7A51DEA89B30001CE17 /* PlayerCenterView.m */; };
		6CC421021E1902A100A45736 /* DownloadViewController.m in Sources */ = {isa = PBXBuildFile; fileRef = 6CC421011E1902A100A45736 /* DownloadViewController.m */; };
		6CC703C81DEE723300CE145A /* AboutAppViewController.m in Sources */ = {isa = PBXBuildFile; fileRef = 6CC703C71DEE723300CE145A /* AboutAppViewController.m */; };
		6CC9D4D41DEC24200068872A /* TransferIPViewController.m in Sources */ = {isa = PBXBuildFile; fileRef = 6CC9D4D31DEC24200068872A /* TransferIPViewController.m */; };
		6CCA6C771E471D700028D493 /* GuideViewController.m in Sources */ = {isa = PBXBuildFile; fileRef = 6CCA6C761E471D700028D493 /* GuideViewController.m */; };
		6CCA6C7A1E4722DC0028D493 /* iTunestranfer.png in Resources */ = {isa = PBXBuildFile; fileRef = 6CCA6C781E4722DC0028D493 /* iTunestranfer.png */; };
		6CCA6C7D1E4730C50028D493 /* wifitransfer.png in Resources */ = {isa = PBXBuildFile; fileRef = 6CCA6C7C1E4730C50028D493 /* wifitransfer.png */; };
		6CD2FE861E2C9A4800060CF7 /* Player3QR.png in Resources */ = {isa = PBXBuildFile; fileRef = 6CD2FE851E2C9A4800060CF7 /* Player3QR.png */; };
/* End PBXBuildFile section */

/* Begin PBXContainerItemProxy section */
		6C4D91C11DDEA6FA00023AF8 /* PBXContainerItemProxy */ = {
			isa = PBXContainerItemProxy;
			containerPortal = 6C4D919C1DDEA6F900023AF8 /* Project object */;
			proxyType = 1;
			remoteGlobalIDString = 6C4D91A31DDEA6F900023AF8;
			remoteInfo = FileManager;
		};
		6C4D91CC1DDEA6FA00023AF8 /* PBXContainerItemProxy */ = {
			isa = PBXContainerItemProxy;
			containerPortal = 6C4D919C1DDEA6F900023AF8 /* Project object */;
			proxyType = 1;
			remoteGlobalIDString = 6C4D91A31DDEA6F900023AF8;
			remoteInfo = FileManager;
		};
/* End PBXContainerItemProxy section */

/* Begin PBXFileReference section */
		0D524F3B639C324F0FCC1596 /* Pods-FileManager.debug.xcconfig */ = {isa = PBXFileReference; includeInIndex = 1; lastKnownFileType = text.xcconfig; name = "Pods-FileManager.debug.xcconfig"; path = "Pods/Target Support Files/Pods-FileManager/Pods-FileManager.debug.xcconfig"; sourceTree = "<group>"; };
		6C0280DB1E5BE39F0071F836 /* FaceTransferView.h */ = {isa = PBXFileReference; fileEncoding = 4; lastKnownFileType = sourcecode.c.h; path = FaceTransferView.h; sourceTree = "<group>"; };
		6C0280DC1E5BE39F0071F836 /* FaceTransferView.m */ = {isa = PBXFileReference; fileEncoding = 4; lastKnownFileType = sourcecode.c.objc; path = FaceTransferView.m; sourceTree = "<group>"; };
		6C0B21891E61878200238416 /* SafeView.h */ = {isa = PBXFileReference; fileEncoding = 4; lastKnownFileType = sourcecode.c.h; path = SafeView.h; sourceTree = "<group>"; };
		6C0B218A1E61878200238416 /* SafeView.m */ = {isa = PBXFileReference; fileEncoding = 4; lastKnownFileType = sourcecode.c.objc; path = SafeView.m; sourceTree = "<group>"; };
		6C0B21901E61BF1B00238416 /* CLLockItemView.h */ = {isa = PBXFileReference; fileEncoding = 4; lastKnownFileType = sourcecode.c.h; path = CLLockItemView.h; sourceTree = "<group>"; };
		6C0B21911E61BF1B00238416 /* CLLockItemView.m */ = {isa = PBXFileReference; fileEncoding = 4; lastKnownFileType = sourcecode.c.objc; path = CLLockItemView.m; sourceTree = "<group>"; };
		6C0B21931E61BF4B00238416 /* CoreLockConst.h */ = {isa = PBXFileReference; fileEncoding = 4; lastKnownFileType = sourcecode.c.h; path = CoreLockConst.h; sourceTree = "<group>"; };
		6C0B21941E61BF4B00238416 /* CoreLockConst.m */ = {isa = PBXFileReference; fileEncoding = 4; lastKnownFileType = sourcecode.c.objc; path = CoreLockConst.m; sourceTree = "<group>"; };
		6C0E258A1E0D07A30056CD21 /* XQuickLookController.h */ = {isa = PBXFileReference; fileEncoding = 4; lastKnownFileType = sourcecode.c.h; path = XQuickLookController.h; sourceTree = "<group>"; };
		6C0E258B1E0D07A30056CD21 /* XQuickLookController.m */ = {isa = PBXFileReference; fileEncoding = 4; lastKnownFileType = sourcecode.c.objc; path = XQuickLookController.m; sourceTree = "<group>"; };
		6C1B2D661DF6A0440090C303 /* MobileVLCKit.framework */ = {isa = PBXFileReference; lastKnownFileType = wrapper.framework; path = MobileVLCKit.framework; sourceTree = "<group>"; };
		6C2DE2CA1E1CF4D5004E98D8 /* SecretViewController.h */ = {isa = PBXFileReference; fileEncoding = 4; lastKnownFileType = sourcecode.c.h; path = SecretViewController.h; sourceTree = "<group>"; };
		6C2DE2CB1E1CF4D5004E98D8 /* SecretViewController.m */ = {isa = PBXFileReference; fileEncoding = 4; lastKnownFileType = sourcecode.c.objc; path = SecretViewController.m; sourceTree = "<group>"; };
		6C30BD751E558854007C8306 /* TransferIPManager.h */ = {isa = PBXFileReference; fileEncoding = 4; lastKnownFileType = sourcecode.c.h; path = TransferIPManager.h; sourceTree = "<group>"; };
		6C30BD761E558854007C8306 /* TransferIPManager.m */ = {isa = PBXFileReference; fileEncoding = 4; lastKnownFileType = sourcecode.c.objc; path = TransferIPManager.m; sourceTree = "<group>"; };
		6C3331C11DFAA7920067FC45 /* FileModel.xcdatamodel */ = {isa = PBXFileReference; lastKnownFileType = wrapper.xcdatamodel; path = FileModel.xcdatamodel; sourceTree = "<group>"; };
		6C3331C31DFAA9850067FC45 /* XManageCoreData.h */ = {isa = PBXFileReference; fileEncoding = 4; lastKnownFileType = sourcecode.c.h; path = XManageCoreData.h; sourceTree = "<group>"; };
		6C3331C41DFAA9850067FC45 /* XManageCoreData.m */ = {isa = PBXFileReference; fileEncoding = 4; lastKnownFileType = sourcecode.c.objc; path = XManageCoreData.m; sourceTree = "<group>"; };
		6C3331C61DFAAB6D0067FC45 /* CoreData.framework */ = {isa = PBXFileReference; lastKnownFileType = wrapper.framework; name = CoreData.framework; path = System/Library/Frameworks/CoreData.framework; sourceTree = SDKROOT; };
		6C35C99C1E4BF9E00090295A /* FormatConver.h */ = {isa = PBXFileReference; fileEncoding = 4; lastKnownFileType = sourcecode.c.h; path = FormatConver.h; sourceTree = "<group>"; };
		6C35C99D1E4BF9E00090295A /* FormatConver.m */ = {isa = PBXFileReference; fileEncoding = 4; lastKnownFileType = sourcecode.c.objc; path = FormatConver.m; sourceTree = "<group>"; };
		6C35C99E1E4BF9E00090295A /* FormatConverViewController.h */ = {isa = PBXFileReference; fileEncoding = 4; lastKnownFileType = sourcecode.c.h; path = FormatConverViewController.h; sourceTree = "<group>"; };
		6C35C99F1E4BF9E00090295A /* FormatConverViewController.m */ = {isa = PBXFileReference; fileEncoding = 4; lastKnownFileType = sourcecode.c.objc; path = FormatConverViewController.m; sourceTree = "<group>"; };
		6C35C9A21E4BFC300090295A /* FaceTransferViewController.h */ = {isa = PBXFileReference; fileEncoding = 4; lastKnownFileType = sourcecode.c.h; path = FaceTransferViewController.h; sourceTree = "<group>"; };
		6C35C9A31E4BFC300090295A /* FaceTransferViewController.m */ = {isa = PBXFileReference; fileEncoding = 4; lastKnownFileType = sourcecode.c.objc; path = FaceTransferViewController.m; sourceTree = "<group>"; };
		6C35C9A51E4BFC400090295A /* PhotoImportViewController.h */ = {isa = PBXFileReference; fileEncoding = 4; lastKnownFileType = sourcecode.c.h; path = PhotoImportViewController.h; sourceTree = "<group>"; };
		6C35C9A61E4BFC400090295A /* PhotoImportViewController.m */ = {isa = PBXFileReference; fileEncoding = 4; lastKnownFileType = sourcecode.c.objc; path = PhotoImportViewController.m; sourceTree = "<group>"; };
		6C3E0A0C1E2E55E2001323DA /* XNavigationController.h */ = {isa = PBXFileReference; fileEncoding = 4; lastKnownFileType = sourcecode.c.h; path = XNavigationController.h; sourceTree = "<group>"; };
		6C3E0A0D1E2E55E2001323DA /* XNavigationController.m */ = {isa = PBXFileReference; fileEncoding = 4; lastKnownFileType = sourcecode.c.objc; path = XNavigationController.m; sourceTree = "<group>"; };
		6C47B5C81E4DBA6F003F33AE /* PhotoImportCollectionCell.h */ = {isa = PBXFileReference; fileEncoding = 4; lastKnownFileType = sourcecode.c.h; path = PhotoImportCollectionCell.h; sourceTree = "<group>"; };
		6C47B5C91E4DBA6F003F33AE /* PhotoImportCollectionCell.m */ = {isa = PBXFileReference; fileEncoding = 4; lastKnownFileType = sourcecode.c.objc; path = PhotoImportCollectionCell.m; sourceTree = "<group>"; };
		6C47DECB1DE3E1D800FA7364 /* libc++.tbd */ = {isa = PBXFileReference; lastKnownFileType = "sourcecode.text-based-dylib-definition"; name = "libc++.tbd"; path = "usr/lib/libc++.tbd"; sourceTree = SDKROOT; };
		6C47DECD1DE3EDD700FA7364 /* UIColor+Hex.h */ = {isa = PBXFileReference; fileEncoding = 4; lastKnownFileType = sourcecode.c.h; path = "UIColor+Hex.h"; sourceTree = "<group>"; };
		6C47DECE1DE3EDD700FA7364 /* UIColor+Hex.m */ = {isa = PBXFileReference; fileEncoding = 4; lastKnownFileType = sourcecode.c.objc; path = "UIColor+Hex.m"; sourceTree = "<group>"; };
		6C4D91A41DDEA6F900023AF8 /* FileManager.app */ = {isa = PBXFileReference; explicitFileType = wrapper.application; includeInIndex = 0; path = FileManager.app; sourceTree = BUILT_PRODUCTS_DIR; };
		6C4D91A81DDEA6F900023AF8 /* main.m */ = {isa = PBXFileReference; lastKnownFileType = sourcecode.c.objc; path = main.m; sourceTree = "<group>"; };
		6C4D91AA1DDEA6F900023AF8 /* AppDelegate.h */ = {isa = PBXFileReference; lastKnownFileType = sourcecode.c.h; path = AppDelegate.h; sourceTree = "<group>"; };
		6C4D91AB1DDEA6F900023AF8 /* AppDelegate.m */ = {isa = PBXFileReference; lastKnownFileType = sourcecode.c.objc; path = AppDelegate.m; sourceTree = "<group>"; };
		6C4D91B41DDEA6F900023AF8 /* Base */ = {isa = PBXFileReference; lastKnownFileType = file.storyboard; name = Base; path = Base.lproj/Main.storyboard; sourceTree = "<group>"; };
		6C4D91B61DDEA6F900023AF8 /* Assets.xcassets */ = {isa = PBXFileReference; lastKnownFileType = folder.assetcatalog; path = Assets.xcassets; sourceTree = "<group>"; };
		6C4D91B91DDEA6F900023AF8 /* Base */ = {isa = PBXFileReference; lastKnownFileType = file.storyboard; name = Base; path = Base.lproj/LaunchScreen.storyboard; sourceTree = "<group>"; };
		6C4D91BB1DDEA6F900023AF8 /* Info.plist */ = {isa = PBXFileReference; lastKnownFileType = text.plist.xml; path = Info.plist; sourceTree = "<group>"; };
		6C4D91C01DDEA6FA00023AF8 /* FileManagerTests.xctest */ = {isa = PBXFileReference; explicitFileType = wrapper.cfbundle; includeInIndex = 0; path = FileManagerTests.xctest; sourceTree = BUILT_PRODUCTS_DIR; };
		6C4D91C41DDEA6FA00023AF8 /* FileManagerTests.m */ = {isa = PBXFileReference; lastKnownFileType = sourcecode.c.objc; path = FileManagerTests.m; sourceTree = "<group>"; };
		6C4D91C61DDEA6FA00023AF8 /* Info.plist */ = {isa = PBXFileReference; lastKnownFileType = text.plist.xml; path = Info.plist; sourceTree = "<group>"; };
		6C4D91CB1DDEA6FA00023AF8 /* FileManagerUITests.xctest */ = {isa = PBXFileReference; explicitFileType = wrapper.cfbundle; includeInIndex = 0; path = FileManagerUITests.xctest; sourceTree = BUILT_PRODUCTS_DIR; };
		6C4D91CF1DDEA6FA00023AF8 /* FileManagerUITests.m */ = {isa = PBXFileReference; lastKnownFileType = sourcecode.c.objc; path = FileManagerUITests.m; sourceTree = "<group>"; };
		6C4D91D11DDEA6FA00023AF8 /* Info.plist */ = {isa = PBXFileReference; lastKnownFileType = text.plist.xml; path = Info.plist; sourceTree = "<group>"; };
		6C4D91DF1DDEA93E00023AF8 /* FilesTableViewController.h */ = {isa = PBXFileReference; fileEncoding = 4; lastKnownFileType = sourcecode.c.h; path = FilesTableViewController.h; sourceTree = "<group>"; };
		6C4D91E01DDEA93E00023AF8 /* FilesTableViewController.m */ = {isa = PBXFileReference; fileEncoding = 4; lastKnownFileType = sourcecode.c.objc; path = FilesTableViewController.m; sourceTree = "<group>"; };
		6C4D91E21DDEA95400023AF8 /* SettingsTableViewController.h */ = {isa = PBXFileReference; fileEncoding = 4; lastKnownFileType = sourcecode.c.h; path = SettingsTableViewController.h; sourceTree = "<group>"; };
		6C4D91E31DDEA95400023AF8 /* SettingsTableViewController.m */ = {isa = PBXFileReference; fileEncoding = 4; lastKnownFileType = sourcecode.c.objc; path = SettingsTableViewController.m; sourceTree = "<group>"; };
		6C4D91E71DDEAB2E00023AF8 /* FilesListController.h */ = {isa = PBXFileReference; fileEncoding = 4; lastKnownFileType = sourcecode.c.h; path = FilesListController.h; sourceTree = "<group>"; };
		6C4D91E81DDEAB2E00023AF8 /* FilesListController.m */ = {isa = PBXFileReference; fileEncoding = 4; lastKnownFileType = sourcecode.c.objc; path = FilesListController.m; sourceTree = "<group>"; };
		6C4D91EB1DDEBB8200023AF8 /* WebListTableViewController.h */ = {isa = PBXFileReference; fileEncoding = 4; lastKnownFileType = sourcecode.c.h; path = WebListTableViewController.h; sourceTree = "<group>"; };
		6C4D91EC1DDEBB8200023AF8 /* WebListTableViewController.m */ = {isa = PBXFileReference; fileEncoding = 4; lastKnownFileType = sourcecode.c.objc; path = WebListTableViewController.m; sourceTree = "<group>"; };
		6C4D91F21DDECBB700023AF8 /* UIView+xiao.h */ = {isa = PBXFileReference; fileEncoding = 4; lastKnownFileType = sourcecode.c.h; path = "UIView+xiao.h"; sourceTree = "<group>"; };
		6C4D91F31DDECBB700023AF8 /* UIView+xiao.m */ = {isa = PBXFileReference; fileEncoding = 4; lastKnownFileType = sourcecode.c.objc; path = "UIView+xiao.m"; sourceTree = "<group>"; };
		6C4D91FA1DDED1D700023AF8 /* libbz2.1.0.tbd */ = {isa = PBXFileReference; lastKnownFileType = "sourcecode.text-based-dylib-definition"; name = libbz2.1.0.tbd; path = usr/lib/libbz2.1.0.tbd; sourceTree = SDKROOT; };
		6C4D91FC1DDED1E100023AF8 /* libz.1.tbd */ = {isa = PBXFileReference; lastKnownFileType = "sourcecode.text-based-dylib-definition"; name = libz.1.tbd; path = usr/lib/libz.1.tbd; sourceTree = SDKROOT; };
		6C4D91FE1DDED1EB00023AF8 /* libc++.1.tbd */ = {isa = PBXFileReference; lastKnownFileType = "sourcecode.text-based-dylib-definition"; name = "libc++.1.tbd"; path = "usr/lib/libc++.1.tbd"; sourceTree = SDKROOT; };
		6C4D92001DDED1F800023AF8 /* libiconv.2.tbd */ = {isa = PBXFileReference; lastKnownFileType = "sourcecode.text-based-dylib-definition"; name = libiconv.2.tbd; path = usr/lib/libiconv.2.tbd; sourceTree = SDKROOT; };
		6C4D92021DDED20400023AF8 /* libstdc++.6.0.9.tbd */ = {isa = PBXFileReference; lastKnownFileType = "sourcecode.text-based-dylib-definition"; name = "libstdc++.6.0.9.tbd"; path = "usr/lib/libstdc++.6.0.9.tbd"; sourceTree = SDKROOT; };
		6C4D92041DDED21600023AF8 /* MediaPlayer.framework */ = {isa = PBXFileReference; lastKnownFileType = wrapper.framework; name = MediaPlayer.framework; path = System/Library/Frameworks/MediaPlayer.framework; sourceTree = SDKROOT; };
		6C4D92061DDED21E00023AF8 /* AVFoundation.framework */ = {isa = PBXFileReference; lastKnownFileType = wrapper.framework; name = AVFoundation.framework; path = System/Library/Frameworks/AVFoundation.framework; sourceTree = SDKROOT; };
		6C4D92081DDED23000023AF8 /* CoreAudio.framework */ = {isa = PBXFileReference; lastKnownFileType = wrapper.framework; name = CoreAudio.framework; path = System/Library/Frameworks/CoreAudio.framework; sourceTree = SDKROOT; };
		6C4D920A1DDED24200023AF8 /* CoreVideo.framework */ = {isa = PBXFileReference; lastKnownFileType = wrapper.framework; name = CoreVideo.framework; path = System/Library/Frameworks/CoreVideo.framework; sourceTree = SDKROOT; };
		6C4D920C1DDED24B00023AF8 /* CoreMedia.framework */ = {isa = PBXFileReference; lastKnownFileType = wrapper.framework; name = CoreMedia.framework; path = System/Library/Frameworks/CoreMedia.framework; sourceTree = SDKROOT; };
		6C4D920E1DDED25300023AF8 /* VideoToolbox.framework */ = {isa = PBXFileReference; lastKnownFileType = wrapper.framework; name = VideoToolbox.framework; path = System/Library/Frameworks/VideoToolbox.framework; sourceTree = SDKROOT; };
		6C4D92101DDED25A00023AF8 /* AudioToolbox.framework */ = {isa = PBXFileReference; lastKnownFileType = wrapper.framework; name = AudioToolbox.framework; path = System/Library/Frameworks/AudioToolbox.framework; sourceTree = SDKROOT; };
		6C4D92131DDED41300023AF8 /* MRVideoConst.h */ = {isa = PBXFileReference; fileEncoding = 4; lastKnownFileType = sourcecode.c.h; path = MRVideoConst.h; sourceTree = "<group>"; };
		6C4D92141DDED41300023AF8 /* MRVideoHUDView.h */ = {isa = PBXFileReference; fileEncoding = 4; lastKnownFileType = sourcecode.c.h; path = MRVideoHUDView.h; sourceTree = "<group>"; };
		6C4D92151DDED41300023AF8 /* MRVideoHUDView.m */ = {isa = PBXFileReference; fileEncoding = 4; lastKnownFileType = sourcecode.c.objc; path = MRVideoHUDView.m; sourceTree = "<group>"; };
		6C4D92161DDED41300023AF8 /* MRVideoControlView.h */ = {isa = PBXFileReference; fileEncoding = 4; lastKnownFileType = sourcecode.c.h; path = MRVideoControlView.h; sourceTree = "<group>"; };
		6C4D92171DDED41300023AF8 /* MRVideoControlView.m */ = {isa = PBXFileReference; fileEncoding = 4; lastKnownFileType = sourcecode.c.objc; path = MRVideoControlView.m; sourceTree = "<group>"; };
		6C4D92181DDED41300023AF8 /* MRVLCPlayer.h */ = {isa = PBXFileReference; fileEncoding = 4; lastKnownFileType = sourcecode.c.h; path = MRVLCPlayer.h; sourceTree = "<group>"; };
		6C4D92191DDED41300023AF8 /* MRVLCPlayer.mm */ = {isa = PBXFileReference; fileEncoding = 4; lastKnownFileType = sourcecode.cpp.objcpp; path = MRVLCPlayer.mm; sourceTree = "<group>"; };
		6C4D92211DDED5D200023AF8 /* VideoViewController.h */ = {isa = PBXFileReference; fileEncoding = 4; lastKnownFileType = sourcecode.c.h; path = VideoViewController.h; sourceTree = "<group>"; };
		6C4D92221DDED5D200023AF8 /* VideoViewController.m */ = {isa = PBXFileReference; fileEncoding = 4; lastKnownFileType = sourcecode.c.objc; path = VideoViewController.m; sourceTree = "<group>"; };
		6C4D92241DDEF04700023AF8 /* XTools.h */ = {isa = PBXFileReference; fileEncoding = 4; lastKnownFileType = sourcecode.c.h; path = XTools.h; sourceTree = "<group>"; };
		6C4D92251DDEF04700023AF8 /* XTools.m */ = {isa = PBXFileReference; fileEncoding = 4; lastKnownFileType = sourcecode.c.objc; path = XTools.m; sourceTree = "<group>"; };
		6C4FD6961E02B1F6000B96E6 /* XProgressView.h */ = {isa = PBXFileReference; fileEncoding = 4; lastKnownFileType = sourcecode.c.h; path = XProgressView.h; sourceTree = "<group>"; };
		6C4FD6971E02B1F6000B96E6 /* XProgressView.m */ = {isa = PBXFileReference; fileEncoding = 4; lastKnownFileType = sourcecode.c.objc; path = XProgressView.m; sourceTree = "<group>"; };
		6C560B651E56D49500CA92BE /* libUMessage_Sdk_1.4.0.a */ = {isa = PBXFileReference; lastKnownFileType = archive.ar; path = libUMessage_Sdk_1.4.0.a; sourceTree = "<group>"; };
		6C560B661E56D49500CA92BE /* UMessage.h */ = {isa = PBXFileReference; fileEncoding = 4; lastKnownFileType = sourcecode.c.h; path = UMessage.h; sourceTree = "<group>"; };
		6C560B681E56D4AD00CA92BE /* UserNotifications.framework */ = {isa = PBXFileReference; lastKnownFileType = wrapper.framework; name = UserNotifications.framework; path = System/Library/Frameworks/UserNotifications.framework; sourceTree = SDKROOT; };
		6C64AE9C1E06AE80007F8DFD /* MoveFilesView.h */ = {isa = PBXFileReference; fileEncoding = 4; lastKnownFileType = sourcecode.c.h; path = MoveFilesView.h; sourceTree = "<group>"; };
		6C64AE9D1E06AE80007F8DFD /* MoveFilesView.m */ = {isa = PBXFileReference; fileEncoding = 4; lastKnownFileType = sourcecode.c.objc; path = MoveFilesView.m; sourceTree = "<group>"; };
		6C76D5541DE544510085AE3D /* ScanViewController.h */ = {isa = PBXFileReference; fileEncoding = 4; lastKnownFileType = sourcecode.c.h; path = ScanViewController.h; sourceTree = "<group>"; };
		6C76D5551DE544510085AE3D /* ScanViewController.m */ = {isa = PBXFileReference; fileEncoding = 4; lastKnownFileType = sourcecode.c.objc; path = ScanViewController.m; sourceTree = "<group>"; };
		6C76D5571DE545C40085AE3D /* QRCodeReaderView.h */ = {isa = PBXFileReference; fileEncoding = 4; lastKnownFileType = sourcecode.c.h; path = QRCodeReaderView.h; sourceTree = "<group>"; };
		6C76D5581DE545C40085AE3D /* QRCodeReaderView.m */ = {isa = PBXFileReference; fileEncoding = 4; lastKnownFileType = sourcecode.c.objc; path = QRCodeReaderView.m; sourceTree = "<group>"; };
		6C76D55A1DE564160085AE3D /* noticeMusic.wav */ = {isa = PBXFileReference; lastKnownFileType = audio.wav; path = noticeMusic.wav; sourceTree = "<group>"; };
		6C7947071DE44A51002A7083 /* SVWebViewController.h */ = {isa = PBXFileReference; fileEncoding = 4; lastKnownFileType = sourcecode.c.h; path = SVWebViewController.h; sourceTree = "<group>"; };
		6C7947081DE44A51002A7083 /* SVWebViewController.m */ = {isa = PBXFileReference; fileEncoding = 4; lastKnownFileType = sourcecode.c.objc; path = SVWebViewController.m; sourceTree = "<group>"; };
		6C7947091DE44A51002A7083 /* SVWebViewControllerActivity.h */ = {isa = PBXFileReference; fileEncoding = 4; lastKnownFileType = sourcecode.c.h; path = SVWebViewControllerActivity.h; sourceTree = "<group>"; };
		6C79470A1DE44A51002A7083 /* SVWebViewControllerActivity.m */ = {isa = PBXFileReference; fileEncoding = 4; lastKnownFileType = sourcecode.c.objc; path = SVWebViewControllerActivity.m; sourceTree = "<group>"; };
		6C79470B1DE44A51002A7083 /* SVWebViewControllerActivityChrome.h */ = {isa = PBXFileReference; fileEncoding = 4; lastKnownFileType = sourcecode.c.h; path = SVWebViewControllerActivityChrome.h; sourceTree = "<group>"; };
		6C79470C1DE44A51002A7083 /* SVWebViewControllerActivityChrome.m */ = {isa = PBXFileReference; fileEncoding = 4; lastKnownFileType = sourcecode.c.objc; path = SVWebViewControllerActivityChrome.m; sourceTree = "<group>"; };
		6C79470D1DE44A51002A7083 /* SVWebViewControllerActivitySafari.h */ = {isa = PBXFileReference; fileEncoding = 4; lastKnownFileType = sourcecode.c.h; path = SVWebViewControllerActivitySafari.h; sourceTree = "<group>"; };
		6C79470E1DE44A51002A7083 /* SVWebViewControllerActivitySafari.m */ = {isa = PBXFileReference; fileEncoding = 4; lastKnownFileType = sourcecode.c.objc; path = SVWebViewControllerActivitySafari.m; sourceTree = "<group>"; };
		6C86B6A61E49A4170008611C /* InfoDetailViewController.h */ = {isa = PBXFileReference; fileEncoding = 4; lastKnownFileType = sourcecode.c.h; path = InfoDetailViewController.h; sourceTree = "<group>"; };
		6C86B6A71E49A4170008611C /* InfoDetailViewController.m */ = {isa = PBXFileReference; fileEncoding = 4; lastKnownFileType = sourcecode.c.objc; path = InfoDetailViewController.m; sourceTree = "<group>"; };
		6C86B6AA1E49D49C0008611C /* QRCreateViewController.h */ = {isa = PBXFileReference; fileEncoding = 4; lastKnownFileType = sourcecode.c.h; path = QRCreateViewController.h; sourceTree = "<group>"; };
		6C86B6AB1E49D49C0008611C /* QRCreateViewController.m */ = {isa = PBXFileReference; fileEncoding = 4; lastKnownFileType = sourcecode.c.objc; path = QRCreateViewController.m; sourceTree = "<group>"; };
		6C908ABC1DEC191000E6FF11 /* libz.tbd */ = {isa = PBXFileReference; lastKnownFileType = "sourcecode.text-based-dylib-definition"; name = libz.tbd; path = usr/lib/libz.tbd; sourceTree = SDKROOT; };
		6C908ABE1DEC192100E6FF11 /* libxml2.tbd */ = {isa = PBXFileReference; lastKnownFileType = "sourcecode.text-based-dylib-definition"; name = libxml2.tbd; path = usr/lib/libxml2.tbd; sourceTree = SDKROOT; };
		6C908AC01DEC193100E6FF11 /* CFNetwork.framework */ = {isa = PBXFileReference; lastKnownFileType = wrapper.framework; name = CFNetwork.framework; path = System/Library/Frameworks/CFNetwork.framework; sourceTree = SDKROOT; };
		6C908AC21DEC194600E6FF11 /* MobileCoreServices.framework */ = {isa = PBXFileReference; lastKnownFileType = wrapper.framework; name = MobileCoreServices.framework; path = System/Library/Frameworks/MobileCoreServices.framework; sourceTree = SDKROOT; };
		6C908AC41DEC195500E6FF11 /* UIKit.framework */ = {isa = PBXFileReference; lastKnownFileType = wrapper.framework; name = UIKit.framework; path = System/Library/Frameworks/UIKit.framework; sourceTree = SDKROOT; };
		6C9D8ADD1E0C00C10050C047 /* FileDetailController.h */ = {isa = PBXFileReference; fileEncoding = 4; lastKnownFileType = sourcecode.c.h; path = FileDetailController.h; sourceTree = "<group>"; };
		6C9D8ADE1E0C00C10050C047 /* FileDetailController.m */ = {isa = PBXFileReference; fileEncoding = 4; lastKnownFileType = sourcecode.c.objc; path = FileDetailController.m; sourceTree = "<group>"; };
		6CAE9B211E092832008C42A7 /* DownLoadCenter.h */ = {isa = PBXFileReference; fileEncoding = 4; lastKnownFileType = sourcecode.c.h; path = DownLoadCenter.h; sourceTree = "<group>"; };
		6CAE9B221E092832008C42A7 /* DownLoadCenter.m */ = {isa = PBXFileReference; fileEncoding = 4; lastKnownFileType = sourcecode.c.objc; path = DownLoadCenter.m; sourceTree = "<group>"; };
		6CB120A81DFCEFC000C81CC1 /* AudioViewController.h */ = {isa = PBXFileReference; fileEncoding = 4; lastKnownFileType = sourcecode.c.h; path = AudioViewController.h; sourceTree = "<group>"; };
		6CB120A91DFCEFC000C81CC1 /* AudioViewController.m */ = {isa = PBXFileReference; fileEncoding = 4; lastKnownFileType = sourcecode.c.objc; path = AudioViewController.m; sourceTree = "<group>"; };
		6CB120AB1DFCFF5400C81CC1 /* VideoAudioPlayer.h */ = {isa = PBXFileReference; fileEncoding = 4; lastKnownFileType = sourcecode.c.h; path = VideoAudioPlayer.h; sourceTree = "<group>"; };
		6CB120AC1DFCFF5400C81CC1 /* VideoAudioPlayer.m */ = {isa = PBXFileReference; fileEncoding = 4; lastKnownFileType = sourcecode.c.objc; path = VideoAudioPlayer.m; sourceTree = "<group>"; };
		6CB120AE1DFD7C2000C81CC1 /* AudioPlayingButton.h */ = {isa = PBXFileReference; fileEncoding = 4; lastKnownFileType = sourcecode.c.h; path = AudioPlayingButton.h; sourceTree = "<group>"; };
		6CB120AF1DFD7C2000C81CC1 /* AudioPlayingButton.m */ = {isa = PBXFileReference; fileEncoding = 4; lastKnownFileType = sourcecode.c.objc; path = AudioPlayingButton.m; sourceTree = "<group>"; };
		6CB28C561E66C9F60037290C /* DownloadCenterCell.h */ = {isa = PBXFileReference; fileEncoding = 4; lastKnownFileType = sourcecode.c.h; name = DownloadCenterCell.h; path = Download/DownloadCenterCell.h; sourceTree = "<group>"; };
		6CB28C571E66C9F60037290C /* DownloadCenterCell.m */ = {isa = PBXFileReference; fileEncoding = 4; lastKnownFileType = sourcecode.c.objc; name = DownloadCenterCell.m; path = Download/DownloadCenterCell.m; sourceTree = "<group>"; };
		6CB28C5B1E66D4E50037290C /* Record+CoreDataProperties.h */ = {isa = PBXFileReference; fileEncoding = 4; lastKnownFileType = sourcecode.c.h; path = "Record+CoreDataProperties.h"; sourceTree = "<group>"; };
		6CB28C5C1E66D4E50037290C /* Record+CoreDataProperties.m */ = {isa = PBXFileReference; fileEncoding = 4; lastKnownFileType = sourcecode.c.objc; path = "Record+CoreDataProperties.m"; sourceTree = "<group>"; };
		6CB28C5F1E66D4E60037290C /* WebCollector+CoreDataProperties.h */ = {isa = PBXFileReference; fileEncoding = 4; lastKnownFileType = sourcecode.c.h; path = "WebCollector+CoreDataProperties.h"; sourceTree = "<group>"; };
		6CB28C601E66D4E60037290C /* WebCollector+CoreDataProperties.m */ = {isa = PBXFileReference; fileEncoding = 4; lastKnownFileType = sourcecode.c.objc; path = "WebCollector+CoreDataProperties.m"; sourceTree = "<group>"; };
		6CB28C631E66D4E60037290C /* Download+CoreDataProperties.h */ = {isa = PBXFileReference; fileEncoding = 4; lastKnownFileType = sourcecode.c.h; path = "Download+CoreDataProperties.h"; sourceTree = "<group>"; };
		6CB28C641E66D4E60037290C /* Download+CoreDataProperties.m */ = {isa = PBXFileReference; fileEncoding = 4; lastKnownFileType = sourcecode.c.objc; path = "Download+CoreDataProperties.m"; sourceTree = "<group>"; };
		6CB29CEB1DE7E38A00C2FC2C /* XTabBarViewController.h */ = {isa = PBXFileReference; fileEncoding = 4; lastKnownFileType = sourcecode.c.h; path = XTabBarViewController.h; sourceTree = "<group>"; };
		6CB29CEC1DE7E38A00C2FC2C /* XTabBarViewController.m */ = {isa = PBXFileReference; fileEncoding = 4; lastKnownFileType = sourcecode.c.objc; path = XTabBarViewController.m; sourceTree = "<group>"; };
		6CB29CF11DE7EC8700C2FC2C /* PreferencesTableViewController.h */ = {isa = PBXFileReference; fileEncoding = 4; lastKnownFileType = sourcecode.c.h; path = PreferencesTableViewController.h; sourceTree = "<group>"; };
		6CB29CF21DE7EC8700C2FC2C /* PreferencesTableViewController.m */ = {isa = PBXFileReference; fileEncoding = 4; lastKnownFileType = sourcecode.c.objc; path = PreferencesTableViewController.m; sourceTree = "<group>"; };
		6CBDC85B1DFC0E9700DB0AD1 /* XimageViewController.h */ = {isa = PBXFileReference; fileEncoding = 4; lastKnownFileType = sourcecode.c.h; path = XimageViewController.h; sourceTree = "<group>"; };
		6CBDC85C1DFC0E9700DB0AD1 /* XimageViewController.m */ = {isa = PBXFileReference; fileEncoding = 4; lastKnownFileType = sourcecode.c.objc; path = XimageViewController.m; sourceTree = "<group>"; };
		6CBFA7A11DEA80620001CE17 /* XHUDView.h */ = {isa = PBXFileReference; fileEncoding = 4; lastKnownFileType = sourcecode.c.h; path = XHUDView.h; sourceTree = "<group>"; };
		6CBFA7A21DEA80620001CE17 /* XHUDView.m */ = {isa = PBXFileReference; fileEncoding = 4; lastKnownFileType = sourcecode.c.objc; path = XHUDView.m; sourceTree = "<group>"; };
		6CBFA7A41DEA89B30001CE17 /* PlayerCenterView.h */ = {isa = PBXFileReference; fileEncoding = 4; lastKnownFileType = sourcecode.c.h; path = PlayerCenterView.h; sourceTree = "<group>"; };
		6CBFA7A51DEA89B30001CE17 /* PlayerCenterView.m */ = {isa = PBXFileReference; fileEncoding = 4; lastKnownFileType = sourcecode.c.objc; path = PlayerCenterView.m; sourceTree = "<group>"; };
		6CC011EC1E59ABA100CE01A2 /* FileManager.entitlements */ = {isa = PBXFileReference; lastKnownFileType = text.plist.entitlements; path = FileManager.entitlements; sourceTree = "<group>"; };
		6CC421001E1902A100A45736 /* DownloadViewController.h */ = {isa = PBXFileReference; fileEncoding = 4; lastKnownFileType = sourcecode.c.h; name = DownloadViewController.h; path = Download/DownloadViewController.h; sourceTree = "<group>"; };
		6CC421011E1902A100A45736 /* DownloadViewController.m */ = {isa = PBXFileReference; fileEncoding = 4; lastKnownFileType = sourcecode.c.objc; name = DownloadViewController.m; path = Download/DownloadViewController.m; sourceTree = "<group>"; };
		6CC703C61DEE723300CE145A /* AboutAppViewController.h */ = {isa = PBXFileReference; fileEncoding = 4; lastKnownFileType = sourcecode.c.h; path = AboutAppViewController.h; sourceTree = "<group>"; };
		6CC703C71DEE723300CE145A /* AboutAppViewController.m */ = {isa = PBXFileReference; fileEncoding = 4; lastKnownFileType = sourcecode.c.objc; path = AboutAppViewController.m; sourceTree = "<group>"; };
		6CC9D4D21DEC24200068872A /* TransferIPViewController.h */ = {isa = PBXFileReference; fileEncoding = 4; lastKnownFileType = sourcecode.c.h; path = TransferIPViewController.h; sourceTree = "<group>"; };
		6CC9D4D31DEC24200068872A /* TransferIPViewController.m */ = {isa = PBXFileReference; fileEncoding = 4; lastKnownFileType = sourcecode.c.objc; path = TransferIPViewController.m; sourceTree = "<group>"; };
		6CCA6C751E471D700028D493 /* GuideViewController.h */ = {isa = PBXFileReference; fileEncoding = 4; lastKnownFileType = sourcecode.c.h; path = GuideViewController.h; sourceTree = "<group>"; };
		6CCA6C761E471D700028D493 /* GuideViewController.m */ = {isa = PBXFileReference; fileEncoding = 4; lastKnownFileType = sourcecode.c.objc; path = GuideViewController.m; sourceTree = "<group>"; };
		6CCA6C781E4722DC0028D493 /* iTunestranfer.png */ = {isa = PBXFileReference; lastKnownFileType = image.png; path = iTunestranfer.png; sourceTree = "<group>"; };
		6CCA6C7C1E4730C50028D493 /* wifitransfer.png */ = {isa = PBXFileReference; lastKnownFileType = image.png; path = wifitransfer.png; sourceTree = "<group>"; };
		6CD2FE851E2C9A4800060CF7 /* Player3QR.png */ = {isa = PBXFileReference; lastKnownFileType = image.png; path = Player3QR.png; sourceTree = "<group>"; };
		C4F31E74A1933BC1B38B7D36 /* Pods_FileManager.framework */ = {isa = PBXFileReference; explicitFileType = wrapper.framework; includeInIndex = 0; path = Pods_FileManager.framework; sourceTree = BUILT_PRODUCTS_DIR; };
		C668736248FAD4E8ABF04076 /* Pods-FileManager.release.xcconfig */ = {isa = PBXFileReference; includeInIndex = 1; lastKnownFileType = text.xcconfig; name = "Pods-FileManager.release.xcconfig"; path = "Pods/Target Support Files/Pods-FileManager/Pods-FileManager.release.xcconfig"; sourceTree = "<group>"; };
/* End PBXFileReference section */

/* Begin PBXFrameworksBuildPhase section */
		6C4D91A11DDEA6F900023AF8 /* Frameworks */ = {
			isa = PBXFrameworksBuildPhase;
			buildActionMask = 2147483647;
			files = (
				6C560B691E56D4AD00CA92BE /* UserNotifications.framework in Frameworks */,
				6C3331C71DFAAB6D0067FC45 /* CoreData.framework in Frameworks */,
				6C908AC51DEC195500E6FF11 /* UIKit.framework in Frameworks */,
				6C908AC31DEC194600E6FF11 /* MobileCoreServices.framework in Frameworks */,
				6C908AC11DEC193100E6FF11 /* CFNetwork.framework in Frameworks */,
				6C908ABF1DEC192100E6FF11 /* libxml2.tbd in Frameworks */,
				6C908ABD1DEC191000E6FF11 /* libz.tbd in Frameworks */,
				6C47DECC1DE3E1D800FA7364 /* libc++.tbd in Frameworks */,
				6C4D92111DDED25B00023AF8 /* AudioToolbox.framework in Frameworks */,
				6C4D920F1DDED25300023AF8 /* VideoToolbox.framework in Frameworks */,
				6C4D920D1DDED24B00023AF8 /* CoreMedia.framework in Frameworks */,
				6C560B671E56D49500CA92BE /* libUMessage_Sdk_1.4.0.a in Frameworks */,
				6C4D920B1DDED24200023AF8 /* CoreVideo.framework in Frameworks */,
				6C4D92091DDED23000023AF8 /* CoreAudio.framework in Frameworks */,
				6C4D92071DDED21E00023AF8 /* AVFoundation.framework in Frameworks */,
				6C4D92051DDED21600023AF8 /* MediaPlayer.framework in Frameworks */,
				6C4D92031DDED20400023AF8 /* libstdc++.6.0.9.tbd in Frameworks */,
				6C4D92011DDED1F800023AF8 /* libiconv.2.tbd in Frameworks */,
				6C1B2D671DF6A0440090C303 /* MobileVLCKit.framework in Frameworks */,
				6C4D91FF1DDED1EB00023AF8 /* libc++.1.tbd in Frameworks */,
				6C4D91FD1DDED1E100023AF8 /* libz.1.tbd in Frameworks */,
				6C4D91FB1DDED1D700023AF8 /* libbz2.1.0.tbd in Frameworks */,
				00D9D893B26B9E57CB33FC12 /* Pods_FileManager.framework in Frameworks */,
			);
			runOnlyForDeploymentPostprocessing = 0;
		};
		6C4D91BD1DDEA6FA00023AF8 /* Frameworks */ = {
			isa = PBXFrameworksBuildPhase;
			buildActionMask = 2147483647;
			files = (
			);
			runOnlyForDeploymentPostprocessing = 0;
		};
		6C4D91C81DDEA6FA00023AF8 /* Frameworks */ = {
			isa = PBXFrameworksBuildPhase;
			buildActionMask = 2147483647;
			files = (
			);
			runOnlyForDeploymentPostprocessing = 0;
		};
/* End PBXFrameworksBuildPhase section */

/* Begin PBXGroup section */
		543872CCF721FD3CEA8D482A /* Pods */ = {
			isa = PBXGroup;
			children = (
				0D524F3B639C324F0FCC1596 /* Pods-FileManager.debug.xcconfig */,
				C668736248FAD4E8ABF04076 /* Pods-FileManager.release.xcconfig */,
			);
			name = Pods;
			sourceTree = "<group>";
		};
		6C0B218C1E618A0B00238416 /* Safe */ = {
			isa = PBXGroup;
			children = (
				6C0B21891E61878200238416 /* SafeView.h */,
				6C0B218A1E61878200238416 /* SafeView.m */,
				6C0B21931E61BF4B00238416 /* CoreLockConst.h */,
				6C0B21941E61BF4B00238416 /* CoreLockConst.m */,
				6C0B21901E61BF1B00238416 /* CLLockItemView.h */,
				6C0B21911E61BF1B00238416 /* CLLockItemView.m */,
			);
			name = Safe;
			sourceTree = "<group>";
		};
		6C2DE2C91E1CF4BB004E98D8 /* Secret */ = {
			isa = PBXGroup;
			children = (
				6C2DE2CA1E1CF4D5004E98D8 /* SecretViewController.h */,
				6C2DE2CB1E1CF4D5004E98D8 /* SecretViewController.m */,
			);
			path = Secret;
			sourceTree = SOURCE_ROOT;
		};
		6C3331BF1DFAA6FE0067FC45 /* Storage */ = {
			isa = PBXGroup;
			children = (
				6CB28C5B1E66D4E50037290C /* Record+CoreDataProperties.h */,
				6CB28C5C1E66D4E50037290C /* Record+CoreDataProperties.m */,
				6CB28C5F1E66D4E60037290C /* WebCollector+CoreDataProperties.h */,
				6CB28C601E66D4E60037290C /* WebCollector+CoreDataProperties.m */,
				6CB28C631E66D4E60037290C /* Download+CoreDataProperties.h */,
				6CB28C641E66D4E60037290C /* Download+CoreDataProperties.m */,
				6C3331C31DFAA9850067FC45 /* XManageCoreData.h */,
				6C3331C41DFAA9850067FC45 /* XManageCoreData.m */,
				6C3331C01DFAA7920067FC45 /* FileModel.xcdatamodeld */,
			);
			path = Storage;
			sourceTree = "<group>";
		};
		6C35C9991E4BF9A00090295A /* FaceTransfer */ = {
			isa = PBXGroup;
			children = (
				6C35C9A21E4BFC300090295A /* FaceTransferViewController.h */,
				6C35C9A31E4BFC300090295A /* FaceTransferViewController.m */,
				6C0280DB1E5BE39F0071F836 /* FaceTransferView.h */,
				6C0280DC1E5BE39F0071F836 /* FaceTransferView.m */,
			);
			path = FaceTransfer;
			sourceTree = "<group>";
		};
		6C35C99A1E4BF9A00090295A /* FormatConvert */ = {
			isa = PBXGroup;
			children = (
				6C35C99C1E4BF9E00090295A /* FormatConver.h */,
				6C35C99D1E4BF9E00090295A /* FormatConver.m */,
				6C35C99E1E4BF9E00090295A /* FormatConverViewController.h */,
				6C35C99F1E4BF9E00090295A /* FormatConverViewController.m */,
			);
			path = FormatConvert;
			sourceTree = "<group>";
		};
		6C35C99B1E4BF9A00090295A /* PhotoImport */ = {
			isa = PBXGroup;
			children = (
				6C35C9A51E4BFC400090295A /* PhotoImportViewController.h */,
				6C35C9A61E4BFC400090295A /* PhotoImportViewController.m */,
				6C47B5C81E4DBA6F003F33AE /* PhotoImportCollectionCell.h */,
				6C47B5C91E4DBA6F003F33AE /* PhotoImportCollectionCell.m */,
			);
			path = PhotoImport;
			sourceTree = "<group>";
		};
		6C4D919B1DDEA6F900023AF8 = {
			isa = PBXGroup;
			children = (
				6C4D91F61DDED15F00023AF8 /* lib */,
				6C3331BF1DFAA6FE0067FC45 /* Storage */,
				6C4D91A61DDEA6F900023AF8 /* FileManager */,
				6C4D91C31DDEA6FA00023AF8 /* FileManagerTests */,
				6C4D91CE1DDEA6FA00023AF8 /* FileManagerUITests */,
				6C4D91A51DDEA6F900023AF8 /* Products */,
				6C4D91F91DDED1D700023AF8 /* Frameworks */,
				543872CCF721FD3CEA8D482A /* Pods */,
			);
			sourceTree = "<group>";
		};
		6C4D91A51DDEA6F900023AF8 /* Products */ = {
			isa = PBXGroup;
			children = (
				6C4D91A41DDEA6F900023AF8 /* FileManager.app */,
				6C4D91C01DDEA6FA00023AF8 /* FileManagerTests.xctest */,
				6C4D91CB1DDEA6FA00023AF8 /* FileManagerUITests.xctest */,
			);
			name = Products;
			sourceTree = "<group>";
		};
		6C4D91A61DDEA6F900023AF8 /* FileManager */ = {
			isa = PBXGroup;
			children = (
				6CC011EC1E59ABA100CE01A2 /* FileManager.entitlements */,
				6C4D91F11DDECBA900023AF8 /* Category */,
				6C4D91EA1DDEBB7300023AF8 /* Web */,
				6C2DE2C91E1CF4BB004E98D8 /* Secret */,
				6C4D91DE1DDEA7A300023AF8 /* Settings */,
				6C4D91DD1DDEA79C00023AF8 /* Files */,
				6C4D91A71DDEA6F900023AF8 /* Supporting Files */,
			);
			path = FileManager;
			sourceTree = "<group>";
		};
		6C4D91A71DDEA6F900023AF8 /* Supporting Files */ = {
			isa = PBXGroup;
			children = (
				6C4D91AA1DDEA6F900023AF8 /* AppDelegate.h */,
				6C4D91AB1DDEA6F900023AF8 /* AppDelegate.m */,
				6CCA6C7C1E4730C50028D493 /* wifitransfer.png */,
				6CCA6C781E4722DC0028D493 /* iTunestranfer.png */,
				6CCA6C751E471D700028D493 /* GuideViewController.h */,
				6CCA6C761E471D700028D493 /* GuideViewController.m */,
				6C4D91B31DDEA6F900023AF8 /* Main.storyboard */,
				6C4D91B81DDEA6F900023AF8 /* LaunchScreen.storyboard */,
				6C4D91B61DDEA6F900023AF8 /* Assets.xcassets */,
				6C4D91BB1DDEA6F900023AF8 /* Info.plist */,
				6C4D91A81DDEA6F900023AF8 /* main.m */,
			);
			name = "Supporting Files";
			sourceTree = "<group>";
		};
		6C4D91C31DDEA6FA00023AF8 /* FileManagerTests */ = {
			isa = PBXGroup;
			children = (
				6C4D91C41DDEA6FA00023AF8 /* FileManagerTests.m */,
				6C4D91C61DDEA6FA00023AF8 /* Info.plist */,
			);
			path = FileManagerTests;
			sourceTree = "<group>";
		};
		6C4D91CE1DDEA6FA00023AF8 /* FileManagerUITests */ = {
			isa = PBXGroup;
			children = (
				6C4D91CF1DDEA6FA00023AF8 /* FileManagerUITests.m */,
				6C4D91D11DDEA6FA00023AF8 /* Info.plist */,
			);
			path = FileManagerUITests;
			sourceTree = "<group>";
		};
		6C4D91DD1DDEA79C00023AF8 /* Files */ = {
			isa = PBXGroup;
			children = (
				6C9D8ADC1E0C00670050C047 /* Detail */,
				6CAE9B201E0927F6008C42A7 /* DownLoad */,
				6CB120A71DFCEF9A00C81CC1 /* Audio */,
				6CBDC85A1DFC0E6B00DB0AD1 /* Image */,
				6CBDC8531DFBF4AF00DB0AD1 /* Document */,
				6C908A841DEC17E300E6FF11 /* Transfer */,
				6C4D91F51DDED15000023AF8 /* Video */,
				6C4D91E61DDEAB2000023AF8 /* FilesList */,
				6C4D91DF1DDEA93E00023AF8 /* FilesTableViewController.h */,
				6C4D91E01DDEA93E00023AF8 /* FilesTableViewController.m */,
			);
			name = Files;
			path = File;
			sourceTree = SOURCE_ROOT;
		};
		6C4D91DE1DDEA7A300023AF8 /* Settings */ = {
			isa = PBXGroup;
			children = (
				6C0B218C1E618A0B00238416 /* Safe */,
				6C35C9991E4BF9A00090295A /* FaceTransfer */,
				6C35C99A1E4BF9A00090295A /* FormatConvert */,
				6C35C99B1E4BF9A00090295A /* PhotoImport */,
				6C86B6A91E49D4790008611C /* QRCreate */,
				6CD2FE851E2C9A4800060CF7 /* Player3QR.png */,
				6C4D91E21DDEA95400023AF8 /* SettingsTableViewController.h */,
				6C4D91E31DDEA95400023AF8 /* SettingsTableViewController.m */,
				6CB29CF11DE7EC8700C2FC2C /* PreferencesTableViewController.h */,
				6CB29CF21DE7EC8700C2FC2C /* PreferencesTableViewController.m */,
				6C86B6A61E49A4170008611C /* InfoDetailViewController.h */,
				6C86B6A71E49A4170008611C /* InfoDetailViewController.m */,
				6CC703C61DEE723300CE145A /* AboutAppViewController.h */,
				6CC703C71DEE723300CE145A /* AboutAppViewController.m */,
			);
			path = Settings;
			sourceTree = SOURCE_ROOT;
		};
		6C4D91E61DDEAB2000023AF8 /* FilesList */ = {
			isa = PBXGroup;
			children = (
				6C4D91E71DDEAB2E00023AF8 /* FilesListController.h */,
				6C4D91E81DDEAB2E00023AF8 /* FilesListController.m */,
				6C64AE9C1E06AE80007F8DFD /* MoveFilesView.h */,
				6C64AE9D1E06AE80007F8DFD /* MoveFilesView.m */,
				6C4FD6961E02B1F6000B96E6 /* XProgressView.h */,
				6C4FD6971E02B1F6000B96E6 /* XProgressView.m */,
			);
			path = FilesList;
			sourceTree = "<group>";
		};
		6C4D91EA1DDEBB7300023AF8 /* Web */ = {
			isa = PBXGroup;
			children = (
				6C76D5531DE544230085AE3D /* Scan */,
				6C7947041DE44A3B002A7083 /* webDetail */,
				6C4D91EB1DDEBB8200023AF8 /* WebListTableViewController.h */,
				6C4D91EC1DDEBB8200023AF8 /* WebListTableViewController.m */,
			);
			path = Web;
			sourceTree = SOURCE_ROOT;
		};
		6C4D91F11DDECBA900023AF8 /* Category */ = {
			isa = PBXGroup;
			children = (
				6C47DECD1DE3EDD700FA7364 /* UIColor+Hex.h */,
				6C47DECE1DE3EDD700FA7364 /* UIColor+Hex.m */,
				6C4D91F21DDECBB700023AF8 /* UIView+xiao.h */,
				6C4D91F31DDECBB700023AF8 /* UIView+xiao.m */,
				6C4D92241DDEF04700023AF8 /* XTools.h */,
				6C4D92251DDEF04700023AF8 /* XTools.m */,
				6CB29CEB1DE7E38A00C2FC2C /* XTabBarViewController.h */,
				6CB29CEC1DE7E38A00C2FC2C /* XTabBarViewController.m */,
				6C3E0A0C1E2E55E2001323DA /* XNavigationController.h */,
				6C3E0A0D1E2E55E2001323DA /* XNavigationController.m */,
				6CBFA7A11DEA80620001CE17 /* XHUDView.h */,
				6CBFA7A21DEA80620001CE17 /* XHUDView.m */,
			);
			path = Category;
			sourceTree = SOURCE_ROOT;
		};
		6C4D91F51DDED15000023AF8 /* Video */ = {
			isa = PBXGroup;
			children = (
				6C4D92121DDED40200023AF8 /* MRV */,
				6C4D92211DDED5D200023AF8 /* VideoViewController.h */,
				6C4D92221DDED5D200023AF8 /* VideoViewController.m */,
				6CB120AB1DFCFF5400C81CC1 /* VideoAudioPlayer.h */,
				6CB120AC1DFCFF5400C81CC1 /* VideoAudioPlayer.m */,
			);
			path = Video;
			sourceTree = "<group>";
		};
		6C4D91F61DDED15F00023AF8 /* lib */ = {
			isa = PBXGroup;
			children = (
				6C560B641E56D49500CA92BE /* UMessage_Sdk_1.4.0 */,
				6C1B2D661DF6A0440090C303 /* MobileVLCKit.framework */,
			);
			path = lib;
			sourceTree = "<group>";
		};
		6C4D91F91DDED1D700023AF8 /* Frameworks */ = {
			isa = PBXGroup;
			children = (
				6C560B681E56D4AD00CA92BE /* UserNotifications.framework */,
				6C3331C61DFAAB6D0067FC45 /* CoreData.framework */,
				6C908AC41DEC195500E6FF11 /* UIKit.framework */,
				6C908AC21DEC194600E6FF11 /* MobileCoreServices.framework */,
				6C908AC01DEC193100E6FF11 /* CFNetwork.framework */,
				6C908ABE1DEC192100E6FF11 /* libxml2.tbd */,
				6C908ABC1DEC191000E6FF11 /* libz.tbd */,
				6C47DECB1DE3E1D800FA7364 /* libc++.tbd */,
				6C4D92101DDED25A00023AF8 /* AudioToolbox.framework */,
				6C4D920E1DDED25300023AF8 /* VideoToolbox.framework */,
				6C4D920C1DDED24B00023AF8 /* CoreMedia.framework */,
				6C4D920A1DDED24200023AF8 /* CoreVideo.framework */,
				6C4D92081DDED23000023AF8 /* CoreAudio.framework */,
				6C4D92061DDED21E00023AF8 /* AVFoundation.framework */,
				6C4D92041DDED21600023AF8 /* MediaPlayer.framework */,
				6C4D92021DDED20400023AF8 /* libstdc++.6.0.9.tbd */,
				6C4D92001DDED1F800023AF8 /* libiconv.2.tbd */,
				6C4D91FE1DDED1EB00023AF8 /* libc++.1.tbd */,
				6C4D91FC1DDED1E100023AF8 /* libz.1.tbd */,
				6C4D91FA1DDED1D700023AF8 /* libbz2.1.0.tbd */,
				C4F31E74A1933BC1B38B7D36 /* Pods_FileManager.framework */,
			);
			name = Frameworks;
			sourceTree = "<group>";
		};
		6C4D92121DDED40200023AF8 /* MRV */ = {
			isa = PBXGroup;
			children = (
				6CBFA7A41DEA89B30001CE17 /* PlayerCenterView.h */,
				6CBFA7A51DEA89B30001CE17 /* PlayerCenterView.m */,
				6C4D92131DDED41300023AF8 /* MRVideoConst.h */,
				6C4D92141DDED41300023AF8 /* MRVideoHUDView.h */,
				6C4D92151DDED41300023AF8 /* MRVideoHUDView.m */,
				6C4D92161DDED41300023AF8 /* MRVideoControlView.h */,
				6C4D92171DDED41300023AF8 /* MRVideoControlView.m */,
				6C4D92181DDED41300023AF8 /* MRVLCPlayer.h */,
				6C4D92191DDED41300023AF8 /* MRVLCPlayer.mm */,
			);
			name = MRV;
			sourceTree = "<group>";
		};
		6C560B641E56D49500CA92BE /* UMessage_Sdk_1.4.0 */ = {
			isa = PBXGroup;
			children = (
				6C560B651E56D49500CA92BE /* libUMessage_Sdk_1.4.0.a */,
				6C560B661E56D49500CA92BE /* UMessage.h */,
			);
			path = UMessage_Sdk_1.4.0;
			sourceTree = "<group>";
		};
		6C76D5531DE544230085AE3D /* Scan */ = {
			isa = PBXGroup;
			children = (
				6C76D55A1DE564160085AE3D /* noticeMusic.wav */,
				6C76D5571DE545C40085AE3D /* QRCodeReaderView.h */,
				6C76D5581DE545C40085AE3D /* QRCodeReaderView.m */,
				6C76D5541DE544510085AE3D /* ScanViewController.h */,
				6C76D5551DE544510085AE3D /* ScanViewController.m */,
			);
			name = Scan;
			path = webDetail;
			sourceTree = "<group>";
		};
		6C7947041DE44A3B002A7083 /* webDetail */ = {
			isa = PBXGroup;
			children = (
				6C7947071DE44A51002A7083 /* SVWebViewController.h */,
				6C7947081DE44A51002A7083 /* SVWebViewController.m */,
				6C7947091DE44A51002A7083 /* SVWebViewControllerActivity.h */,
				6C79470A1DE44A51002A7083 /* SVWebViewControllerActivity.m */,
				6C79470B1DE44A51002A7083 /* SVWebViewControllerActivityChrome.h */,
				6C79470C1DE44A51002A7083 /* SVWebViewControllerActivityChrome.m */,
				6C79470D1DE44A51002A7083 /* SVWebViewControllerActivitySafari.h */,
				6C79470E1DE44A51002A7083 /* SVWebViewControllerActivitySafari.m */,
			);
			path = webDetail;
			sourceTree = "<group>";
		};
		6C86B6A91E49D4790008611C /* QRCreate */ = {
			isa = PBXGroup;
			children = (
				6C86B6AA1E49D49C0008611C /* QRCreateViewController.h */,
				6C86B6AB1E49D49C0008611C /* QRCreateViewController.m */,
			);
			path = QRCreate;
			sourceTree = "<group>";
		};
		6C908A841DEC17E300E6FF11 /* Transfer */ = {
			isa = PBXGroup;
			children = (
				6CC9D4D21DEC24200068872A /* TransferIPViewController.h */,
				6CC9D4D31DEC24200068872A /* TransferIPViewController.m */,
				6C30BD751E558854007C8306 /* TransferIPManager.h */,
				6C30BD761E558854007C8306 /* TransferIPManager.m */,
			);
			path = Transfer;
			sourceTree = "<group>";
		};
		6C9D8ADC1E0C00670050C047 /* Detail */ = {
			isa = PBXGroup;
			children = (
				6C9D8ADD1E0C00C10050C047 /* FileDetailController.h */,
				6C9D8ADE1E0C00C10050C047 /* FileDetailController.m */,
			);
			name = Detail;
			sourceTree = "<group>";
		};
		6CAE9B201E0927F6008C42A7 /* DownLoad */ = {
			isa = PBXGroup;
			children = (
				6CC421001E1902A100A45736 /* DownloadViewController.h */,
				6CC421011E1902A100A45736 /* DownloadViewController.m */,
				6CB28C561E66C9F60037290C /* DownloadCenterCell.h */,
				6CB28C571E66C9F60037290C /* DownloadCenterCell.m */,
				6CAE9B211E092832008C42A7 /* DownLoadCenter.h */,
				6CAE9B221E092832008C42A7 /* DownLoadCenter.m */,
			);
			name = DownLoad;
			sourceTree = "<group>";
		};
		6CB120A71DFCEF9A00C81CC1 /* Audio */ = {
			isa = PBXGroup;
			children = (
				6CB120A81DFCEFC000C81CC1 /* AudioViewController.h */,
				6CB120A91DFCEFC000C81CC1 /* AudioViewController.m */,
				6CB120AE1DFD7C2000C81CC1 /* AudioPlayingButton.h */,
				6CB120AF1DFD7C2000C81CC1 /* AudioPlayingButton.m */,
			);
			name = Audio;
			sourceTree = "<group>";
		};
		6CBDC8531DFBF4AF00DB0AD1 /* Document */ = {
			isa = PBXGroup;
			children = (
				6C0E258A1E0D07A30056CD21 /* XQuickLookController.h */,
				6C0E258B1E0D07A30056CD21 /* XQuickLookController.m */,
			);
			name = Document;
			sourceTree = "<group>";
		};
		6CBDC85A1DFC0E6B00DB0AD1 /* Image */ = {
			isa = PBXGroup;
			children = (
				6CBDC85B1DFC0E9700DB0AD1 /* XimageViewController.h */,
				6CBDC85C1DFC0E9700DB0AD1 /* XimageViewController.m */,
			);
			name = Image;
			sourceTree = "<group>";
		};
/* End PBXGroup section */

/* Begin PBXNativeTarget section */
		6C4D91A31DDEA6F900023AF8 /* FileManager */ = {
			isa = PBXNativeTarget;
			buildConfigurationList = 6C4D91D41DDEA6FA00023AF8 /* Build configuration list for PBXNativeTarget "FileManager" */;
			buildPhases = (
				54F584A2803D4ED793684282 /* [CP] Check Pods Manifest.lock */,
				6C4D91A01DDEA6F900023AF8 /* Sources */,
				6C4D91A11DDEA6F900023AF8 /* Frameworks */,
				6C4D91A21DDEA6F900023AF8 /* Resources */,
				48FDDDF9BAD5C79D24A90746 /* [CP] Embed Pods Frameworks */,
				E72DECD6A5BB3818E0FEAB61 /* [CP] Copy Pods Resources */,
			);
			buildRules = (
			);
			dependencies = (
			);
			name = FileManager;
			productName = FileManager;
			productReference = 6C4D91A41DDEA6F900023AF8 /* FileManager.app */;
			productType = "com.apple.product-type.application";
		};
		6C4D91BF1DDEA6FA00023AF8 /* FileManagerTests */ = {
			isa = PBXNativeTarget;
			buildConfigurationList = 6C4D91D71DDEA6FA00023AF8 /* Build configuration list for PBXNativeTarget "FileManagerTests" */;
			buildPhases = (
				6C4D91BC1DDEA6FA00023AF8 /* Sources */,
				6C4D91BD1DDEA6FA00023AF8 /* Frameworks */,
				6C4D91BE1DDEA6FA00023AF8 /* Resources */,
			);
			buildRules = (
			);
			dependencies = (
				6C4D91C21DDEA6FA00023AF8 /* PBXTargetDependency */,
			);
			name = FileManagerTests;
			productName = FileManagerTests;
			productReference = 6C4D91C01DDEA6FA00023AF8 /* FileManagerTests.xctest */;
			productType = "com.apple.product-type.bundle.unit-test";
		};
		6C4D91CA1DDEA6FA00023AF8 /* FileManagerUITests */ = {
			isa = PBXNativeTarget;
			buildConfigurationList = 6C4D91DA1DDEA6FA00023AF8 /* Build configuration list for PBXNativeTarget "FileManagerUITests" */;
			buildPhases = (
				6C4D91C71DDEA6FA00023AF8 /* Sources */,
				6C4D91C81DDEA6FA00023AF8 /* Frameworks */,
				6C4D91C91DDEA6FA00023AF8 /* Resources */,
			);
			buildRules = (
			);
			dependencies = (
				6C4D91CD1DDEA6FA00023AF8 /* PBXTargetDependency */,
			);
			name = FileManagerUITests;
			productName = FileManagerUITests;
			productReference = 6C4D91CB1DDEA6FA00023AF8 /* FileManagerUITests.xctest */;
			productType = "com.apple.product-type.bundle.ui-testing";
		};
/* End PBXNativeTarget section */

/* Begin PBXProject section */
		6C4D919C1DDEA6F900023AF8 /* Project object */ = {
			isa = PBXProject;
			attributes = {
				LastUpgradeCheck = 0810;
				ORGANIZATIONNAME = xiaodev;
				TargetAttributes = {
					6C4D91A31DDEA6F900023AF8 = {
						CreatedOnToolsVersion = 8.1;
						DevelopmentTeam = Q494Q8N6JY;
						ProvisioningStyle = Automatic;
						SystemCapabilities = {
							com.apple.BackgroundModes = {
								enabled = 1;
							};
							com.apple.Push = {
								enabled = 1;
							};
						};
					};
					6C4D91BF1DDEA6FA00023AF8 = {
						CreatedOnToolsVersion = 8.1;
						ProvisioningStyle = Automatic;
						TestTargetID = 6C4D91A31DDEA6F900023AF8;
					};
					6C4D91CA1DDEA6FA00023AF8 = {
						CreatedOnToolsVersion = 8.1;
						ProvisioningStyle = Automatic;
						TestTargetID = 6C4D91A31DDEA6F900023AF8;
					};
				};
			};
			buildConfigurationList = 6C4D919F1DDEA6F900023AF8 /* Build configuration list for PBXProject "FileManager" */;
			compatibilityVersion = "Xcode 3.2";
			developmentRegion = English;
			hasScannedForEncodings = 0;
			knownRegions = (
				en,
				Base,
			);
			mainGroup = 6C4D919B1DDEA6F900023AF8;
			productRefGroup = 6C4D91A51DDEA6F900023AF8 /* Products */;
			projectDirPath = "";
			projectRoot = "";
			targets = (
				6C4D91A31DDEA6F900023AF8 /* FileManager */,
				6C4D91BF1DDEA6FA00023AF8 /* FileManagerTests */,
				6C4D91CA1DDEA6FA00023AF8 /* FileManagerUITests */,
			);
		};
/* End PBXProject section */

/* Begin PBXResourcesBuildPhase section */
		6C4D91A21DDEA6F900023AF8 /* Resources */ = {
			isa = PBXResourcesBuildPhase;
			buildActionMask = 2147483647;
			files = (
				6C26CF861DE14B1300742666 /* LaunchScreen.storyboard in Resources */,
				6CD2FE861E2C9A4800060CF7 /* Player3QR.png in Resources */,
				6C26CF851DE14B0800742666 /* Main.storyboard in Resources */,
				6C4D91B71DDEA6F900023AF8 /* Assets.xcassets in Resources */,
				6C76D55B1DE564160085AE3D /* noticeMusic.wav in Resources */,
				6CCA6C7A1E4722DC0028D493 /* iTunestranfer.png in Resources */,
				6CCA6C7D1E4730C50028D493 /* wifitransfer.png in Resources */,
			);
			runOnlyForDeploymentPostprocessing = 0;
		};
		6C4D91BE1DDEA6FA00023AF8 /* Resources */ = {
			isa = PBXResourcesBuildPhase;
			buildActionMask = 2147483647;
			files = (
			);
			runOnlyForDeploymentPostprocessing = 0;
		};
		6C4D91C91DDEA6FA00023AF8 /* Resources */ = {
			isa = PBXResourcesBuildPhase;
			buildActionMask = 2147483647;
			files = (
			);
			runOnlyForDeploymentPostprocessing = 0;
		};
/* End PBXResourcesBuildPhase section */

/* Begin PBXShellScriptBuildPhase section */
		48FDDDF9BAD5C79D24A90746 /* [CP] Embed Pods Frameworks */ = {
			isa = PBXShellScriptBuildPhase;
			buildActionMask = 2147483647;
			files = (
			);
			inputPaths = (
			);
			name = "[CP] Embed Pods Frameworks";
			outputPaths = (
			);
			runOnlyForDeploymentPostprocessing = 0;
			shellPath = /bin/sh;
			shellScript = "\"${SRCROOT}/Pods/Target Support Files/Pods-FileManager/Pods-FileManager-frameworks.sh\"\n";
			showEnvVarsInLog = 0;
		};
		54F584A2803D4ED793684282 /* [CP] Check Pods Manifest.lock */ = {
			isa = PBXShellScriptBuildPhase;
			buildActionMask = 2147483647;
			files = (
			);
			inputPaths = (
			);
			name = "[CP] Check Pods Manifest.lock";
			outputPaths = (
			);
			runOnlyForDeploymentPostprocessing = 0;
			shellPath = /bin/sh;
			shellScript = "diff \"${PODS_ROOT}/../Podfile.lock\" \"${PODS_ROOT}/Manifest.lock\" > /dev/null\nif [ $? != 0 ] ; then\n    # print error to STDERR\n    echo \"error: The sandbox is not in sync with the Podfile.lock. Run 'pod install' or update your CocoaPods installation.\" >&2\n    exit 1\nfi\n";
			showEnvVarsInLog = 0;
		};
		E72DECD6A5BB3818E0FEAB61 /* [CP] Copy Pods Resources */ = {
			isa = PBXShellScriptBuildPhase;
			buildActionMask = 2147483647;
			files = (
			);
			inputPaths = (
			);
			name = "[CP] Copy Pods Resources";
			outputPaths = (
			);
			runOnlyForDeploymentPostprocessing = 0;
			shellPath = /bin/sh;
			shellScript = "\"${SRCROOT}/Pods/Target Support Files/Pods-FileManager/Pods-FileManager-resources.sh\"\n";
			showEnvVarsInLog = 0;
		};
/* End PBXShellScriptBuildPhase section */

/* Begin PBXSourcesBuildPhase section */
		6C4D91A01DDEA6F900023AF8 /* Sources */ = {
			isa = PBXSourcesBuildPhase;
			buildActionMask = 2147483647;
			files = (
				6C9D8ADF1E0C00C10050C047 /* FileDetailController.m in Sources */,
				6CC703C81DEE723300CE145A /* AboutAppViewController.m in Sources */,
				6C4D921B1DDED41300023AF8 /* MRVideoHUDView.m in Sources */,
				6C4D91E41DDEA95400023AF8 /* SettingsTableViewController.m in Sources */,
				6C2DE2CC1E1CF4D5004E98D8 /* SecretViewController.m in Sources */,
				6C4D92231DDED5D200023AF8 /* VideoViewController.m in Sources */,
				6C0B21951E61BF4B00238416 /* CoreLockConst.m in Sources */,
				6CBFA7A31DEA80620001CE17 /* XHUDView.m in Sources */,
				6CB120AA1DFCEFC000C81CC1 /* AudioViewController.m in Sources */,
				6CC421021E1902A100A45736 /* DownloadViewController.m in Sources */,
				6C35C9A71E4BFC400090295A /* PhotoImportViewController.m in Sources */,
				6C4D91AC1DDEA6F900023AF8 /* AppDelegate.m in Sources */,
				6C4D921C1DDED41300023AF8 /* MRVideoControlView.m in Sources */,
				6C35C9A11E4BF9E00090295A /* FormatConverViewController.m in Sources */,
				6C0B21921E61BF1B00238416 /* CLLockItemView.m in Sources */,
				6CBFA7A61DEA89B30001CE17 /* PlayerCenterView.m in Sources */,
				6C4D91A91DDEA6F900023AF8 /* main.m in Sources */,
				6C7947101DE44A51002A7083 /* SVWebViewController.m in Sources */,
				6C4FD6981E02B1F6000B96E6 /* XProgressView.m in Sources */,
				6C86B6AC1E49D49C0008611C /* QRCreateViewController.m in Sources */,
				6CCA6C771E471D700028D493 /* GuideViewController.m in Sources */,
				6C0E258C1E0D07A30056CD21 /* XQuickLookController.m in Sources */,
				6C30BD771E558854007C8306 /* TransferIPManager.m in Sources */,
				6CAE9B231E092832008C42A7 /* DownLoadCenter.m in Sources */,
				6C0B218B1E61878200238416 /* SafeView.m in Sources */,
				6C0280DD1E5BE39F0071F836 /* FaceTransferView.m in Sources */,
				6C35C9A01E4BF9E00090295A /* FormatConver.m in Sources */,
				6C4D91E91DDEAB2E00023AF8 /* FilesListController.m in Sources */,
				6CC9D4D41DEC24200068872A /* TransferIPViewController.m in Sources */,
				6CBDC85D1DFC0E9700DB0AD1 /* XimageViewController.m in Sources */,
				6C4D921D1DDED41300023AF8 /* MRVLCPlayer.mm in Sources */,
				6C3331C21DFAA7920067FC45 /* FileModel.xcdatamodeld in Sources */,
				6C4D92261DDEF04700023AF8 /* XTools.m in Sources */,
				6CB120B01DFD7C2000C81CC1 /* AudioPlayingButton.m in Sources */,
				6C4D91ED1DDEBB8200023AF8 /* WebListTableViewController.m in Sources */,
				6C76D5561DE544510085AE3D /* ScanViewController.m in Sources */,
				6C4D91F41DDECBB700023AF8 /* UIView+xiao.m in Sources */,
				6C47B5CA1E4DBA6F003F33AE /* PhotoImportCollectionCell.m in Sources */,
				6C3E0A0E1E2E55E2001323DA /* XNavigationController.m in Sources */,
				6C35C9A41E4BFC300090295A /* FaceTransferViewController.m in Sources */,
				6C86B6A81E49A4170008611C /* InfoDetailViewController.m in Sources */,
				6C47DECF1DE3EDD700FA7364 /* UIColor+Hex.m in Sources */,
				6CB29CF31DE7EC8700C2FC2C /* PreferencesTableViewController.m in Sources */,
				6C7947111DE44A51002A7083 /* SVWebViewControllerActivity.m in Sources */,
				6CB28C661E66D4E60037290C /* Record+CoreDataProperties.m in Sources */,
				6C7947131DE44A51002A7083 /* SVWebViewControllerActivitySafari.m in Sources */,
				6C76D5591DE545C40085AE3D /* QRCodeReaderView.m in Sources */,
				6C4D91E11DDEA93E00023AF8 /* FilesTableViewController.m in Sources */,
				6CB120AD1DFCFF5400C81CC1 /* VideoAudioPlayer.m in Sources */,
				6CB28C6A1E66D4E60037290C /* Download+CoreDataProperties.m in Sources */,
				6C3331C51DFAA9850067FC45 /* XManageCoreData.m in Sources */,
				6C64AE9E1E06AE80007F8DFD /* MoveFilesView.m in Sources */,
				6CB28C681E66D4E60037290C /* WebCollector+CoreDataProperties.m in Sources */,
				6CB29CED1DE7E38A00C2FC2C /* XTabBarViewController.m in Sources */,
				6CB28C581E66C9F60037290C /* DownloadCenterCell.m in Sources */,
				6C7947121DE44A51002A7083 /* SVWebViewControllerActivityChrome.m in Sources */,
			);
			runOnlyForDeploymentPostprocessing = 0;
		};
		6C4D91BC1DDEA6FA00023AF8 /* Sources */ = {
			isa = PBXSourcesBuildPhase;
			buildActionMask = 2147483647;
			files = (
				6C4D91C51DDEA6FA00023AF8 /* FileManagerTests.m in Sources */,
			);
			runOnlyForDeploymentPostprocessing = 0;
		};
		6C4D91C71DDEA6FA00023AF8 /* Sources */ = {
			isa = PBXSourcesBuildPhase;
			buildActionMask = 2147483647;
			files = (
				6C4D91D01DDEA6FA00023AF8 /* FileManagerUITests.m in Sources */,
			);
			runOnlyForDeploymentPostprocessing = 0;
		};
/* End PBXSourcesBuildPhase section */

/* Begin PBXTargetDependency section */
		6C4D91C21DDEA6FA00023AF8 /* PBXTargetDependency */ = {
			isa = PBXTargetDependency;
			target = 6C4D91A31DDEA6F900023AF8 /* FileManager */;
			targetProxy = 6C4D91C11DDEA6FA00023AF8 /* PBXContainerItemProxy */;
		};
		6C4D91CD1DDEA6FA00023AF8 /* PBXTargetDependency */ = {
			isa = PBXTargetDependency;
			target = 6C4D91A31DDEA6F900023AF8 /* FileManager */;
			targetProxy = 6C4D91CC1DDEA6FA00023AF8 /* PBXContainerItemProxy */;
		};
/* End PBXTargetDependency section */

/* Begin PBXVariantGroup section */
		6C4D91B31DDEA6F900023AF8 /* Main.storyboard */ = {
			isa = PBXVariantGroup;
			children = (
				6C4D91B41DDEA6F900023AF8 /* Base */,
			);
			name = Main.storyboard;
			sourceTree = "<group>";
		};
		6C4D91B81DDEA6F900023AF8 /* LaunchScreen.storyboard */ = {
			isa = PBXVariantGroup;
			children = (
				6C4D91B91DDEA6F900023AF8 /* Base */,
			);
			name = LaunchScreen.storyboard;
			sourceTree = "<group>";
		};
/* End PBXVariantGroup section */

/* Begin XCBuildConfiguration section */
		6C4D91D21DDEA6FA00023AF8 /* Debug */ = {
			isa = XCBuildConfiguration;
			buildSettings = {
				ALWAYS_SEARCH_USER_PATHS = NO;
				CLANG_ANALYZER_NONNULL = YES;
				CLANG_CXX_LANGUAGE_STANDARD = "gnu++0x";
				CLANG_CXX_LIBRARY = "libc++";
				CLANG_ENABLE_MODULES = YES;
				CLANG_ENABLE_OBJC_ARC = YES;
				CLANG_WARN_BOOL_CONVERSION = YES;
				CLANG_WARN_CONSTANT_CONVERSION = YES;
				CLANG_WARN_DIRECT_OBJC_ISA_USAGE = YES_ERROR;
				CLANG_WARN_DOCUMENTATION_COMMENTS = YES;
				CLANG_WARN_EMPTY_BODY = YES;
				CLANG_WARN_ENUM_CONVERSION = YES;
				CLANG_WARN_INFINITE_RECURSION = YES;
				CLANG_WARN_INT_CONVERSION = YES;
				CLANG_WARN_OBJC_ROOT_CLASS = YES_ERROR;
				CLANG_WARN_SUSPICIOUS_MOVE = YES;
				CLANG_WARN_SUSPICIOUS_MOVES = YES;
				CLANG_WARN_UNREACHABLE_CODE = YES;
				CLANG_WARN__DUPLICATE_METHOD_MATCH = YES;
				"CODE_SIGN_IDENTITY[sdk=iphoneos*]" = "iPhone Developer";
				COPY_PHASE_STRIP = NO;
				DEBUG_INFORMATION_FORMAT = dwarf;
				ENABLE_STRICT_OBJC_MSGSEND = YES;
				ENABLE_TESTABILITY = YES;
				GCC_C_LANGUAGE_STANDARD = gnu99;
				GCC_DYNAMIC_NO_PIC = NO;
				GCC_NO_COMMON_BLOCKS = YES;
				GCC_OPTIMIZATION_LEVEL = 0;
				GCC_PREPROCESSOR_DEFINITIONS = (
					"DEBUG=1",
					"$(inherited)",
				);
				GCC_WARN_64_TO_32_BIT_CONVERSION = YES;
				GCC_WARN_ABOUT_RETURN_TYPE = YES_ERROR;
				GCC_WARN_UNDECLARED_SELECTOR = YES;
				GCC_WARN_UNINITIALIZED_AUTOS = YES_AGGRESSIVE;
				GCC_WARN_UNUSED_FUNCTION = YES;
				GCC_WARN_UNUSED_VARIABLE = YES;
				IPHONEOS_DEPLOYMENT_TARGET = 8.0;
				MTL_ENABLE_DEBUG_INFO = YES;
				ONLY_ACTIVE_ARCH = YES;
				SDKROOT = iphoneos;
				TARGETED_DEVICE_FAMILY = "1,2";
			};
			name = Debug;
		};
		6C4D91D31DDEA6FA00023AF8 /* Release */ = {
			isa = XCBuildConfiguration;
			buildSettings = {
				ALWAYS_SEARCH_USER_PATHS = NO;
				CLANG_ANALYZER_NONNULL = YES;
				CLANG_CXX_LANGUAGE_STANDARD = "gnu++0x";
				CLANG_CXX_LIBRARY = "libc++";
				CLANG_ENABLE_MODULES = YES;
				CLANG_ENABLE_OBJC_ARC = YES;
				CLANG_WARN_BOOL_CONVERSION = YES;
				CLANG_WARN_CONSTANT_CONVERSION = YES;
				CLANG_WARN_DIRECT_OBJC_ISA_USAGE = YES_ERROR;
				CLANG_WARN_DOCUMENTATION_COMMENTS = YES;
				CLANG_WARN_EMPTY_BODY = YES;
				CLANG_WARN_ENUM_CONVERSION = YES;
				CLANG_WARN_INFINITE_RECURSION = YES;
				CLANG_WARN_INT_CONVERSION = YES;
				CLANG_WARN_OBJC_ROOT_CLASS = YES_ERROR;
				CLANG_WARN_SUSPICIOUS_MOVE = YES;
				CLANG_WARN_SUSPICIOUS_MOVES = YES;
				CLANG_WARN_UNREACHABLE_CODE = YES;
				CLANG_WARN__DUPLICATE_METHOD_MATCH = YES;
				"CODE_SIGN_IDENTITY[sdk=iphoneos*]" = "iPhone Developer";
				COPY_PHASE_STRIP = NO;
				DEBUG_INFORMATION_FORMAT = "dwarf-with-dsym";
				ENABLE_NS_ASSERTIONS = NO;
				ENABLE_STRICT_OBJC_MSGSEND = YES;
				GCC_C_LANGUAGE_STANDARD = gnu99;
				GCC_NO_COMMON_BLOCKS = YES;
				GCC_WARN_64_TO_32_BIT_CONVERSION = YES;
				GCC_WARN_ABOUT_RETURN_TYPE = YES_ERROR;
				GCC_WARN_UNDECLARED_SELECTOR = YES;
				GCC_WARN_UNINITIALIZED_AUTOS = YES_AGGRESSIVE;
				GCC_WARN_UNUSED_FUNCTION = YES;
				GCC_WARN_UNUSED_VARIABLE = YES;
				IPHONEOS_DEPLOYMENT_TARGET = 8.0;
				MTL_ENABLE_DEBUG_INFO = NO;
				SDKROOT = iphoneos;
				TARGETED_DEVICE_FAMILY = "1,2";
				VALIDATE_PRODUCT = YES;
			};
			name = Release;
		};
		6C4D91D51DDEA6FA00023AF8 /* Debug */ = {
			isa = XCBuildConfiguration;
			baseConfigurationReference = 0D524F3B639C324F0FCC1596 /* Pods-FileManager.debug.xcconfig */;
			buildSettings = {
				ASSETCATALOG_COMPILER_APPICON_NAME = AppIcon;
				CLANG_CXX_LIBRARY = "compiler-default";
				CODE_SIGN_ENTITLEMENTS = FileManager/FileManager.entitlements;
				"CODE_SIGN_IDENTITY[sdk=iphoneos*]" = "iPhone Developer";
				DEVELOPMENT_TEAM = Q494Q8N6JY;
				ENABLE_BITCODE = NO;
				FRAMEWORK_SEARCH_PATHS = (
					"$(inherited)",
					"$(PROJECT_DIR)/lib",
				);
				INFOPLIST_FILE = FileManager/Info.plist;
				IPHONEOS_DEPLOYMENT_TARGET = 8.0;
				LD_RUNPATH_SEARCH_PATHS = "$(inherited) @executable_path/Frameworks";
				LIBRARY_SEARCH_PATHS = (
					"$(inherited)",
					"$(PROJECT_DIR)/lib/UMessage_Sdk_1.4.0",
				);
				PRODUCT_BUNDLE_IDENTIFIER = cn.xiaodev.FileManager;
				PRODUCT_NAME = "$(TARGET_NAME)";
				PROVISIONING_PROFILE = "";
				PROVISIONING_PROFILE_SPECIFIER = "";
			};
			name = Debug;
		};
		6C4D91D61DDEA6FA00023AF8 /* Release */ = {
			isa = XCBuildConfiguration;
			baseConfigurationReference = C668736248FAD4E8ABF04076 /* Pods-FileManager.release.xcconfig */;
			buildSettings = {
				ASSETCATALOG_COMPILER_APPICON_NAME = AppIcon;
				CLANG_CXX_LIBRARY = "compiler-default";
				CODE_SIGN_ENTITLEMENTS = FileManager/FileManager.entitlements;
				"CODE_SIGN_IDENTITY[sdk=iphoneos*]" = "iPhone Developer";
				DEVELOPMENT_TEAM = Q494Q8N6JY;
				ENABLE_BITCODE = NO;
				FRAMEWORK_SEARCH_PATHS = (
					"$(inherited)",
					"$(PROJECT_DIR)/lib",
				);
				INFOPLIST_FILE = FileManager/Info.plist;
				IPHONEOS_DEPLOYMENT_TARGET = 8.0;
				LD_RUNPATH_SEARCH_PATHS = "$(inherited) @executable_path/Frameworks";
				LIBRARY_SEARCH_PATHS = (
					"$(inherited)",
					"$(PROJECT_DIR)/lib/UMessage_Sdk_1.4.0",
				);
				PRODUCT_BUNDLE_IDENTIFIER = cn.xiaodev.FileManager;
				PRODUCT_NAME = "$(TARGET_NAME)";
			};
			name = Release;
		};
		6C4D91D81DDEA6FA00023AF8 /* Debug */ = {
			isa = XCBuildConfiguration;
			buildSettings = {
				BUNDLE_LOADER = "$(TEST_HOST)";
				INFOPLIST_FILE = FileManagerTests/Info.plist;
				LD_RUNPATH_SEARCH_PATHS = "$(inherited) @executable_path/Frameworks @loader_path/Frameworks";
				PRODUCT_BUNDLE_IDENTIFIER = xiaodev.cn.FileManagerTests;
				PRODUCT_NAME = "$(TARGET_NAME)";
				TEST_HOST = "$(BUILT_PRODUCTS_DIR)/FileManager.app/FileManager";
			};
			name = Debug;
		};
		6C4D91D91DDEA6FA00023AF8 /* Release */ = {
			isa = XCBuildConfiguration;
			buildSettings = {
				BUNDLE_LOADER = "$(TEST_HOST)";
				INFOPLIST_FILE = FileManagerTests/Info.plist;
				LD_RUNPATH_SEARCH_PATHS = "$(inherited) @executable_path/Frameworks @loader_path/Frameworks";
				PRODUCT_BUNDLE_IDENTIFIER = xiaodev.cn.FileManagerTests;
				PRODUCT_NAME = "$(TARGET_NAME)";
				TEST_HOST = "$(BUILT_PRODUCTS_DIR)/FileManager.app/FileManager";
			};
			name = Release;
		};
		6C4D91DB1DDEA6FA00023AF8 /* Debug */ = {
			isa = XCBuildConfiguration;
			buildSettings = {
				INFOPLIST_FILE = FileManagerUITests/Info.plist;
				LD_RUNPATH_SEARCH_PATHS = "$(inherited) @executable_path/Frameworks @loader_path/Frameworks";
				PRODUCT_BUNDLE_IDENTIFIER = xiaodev.cn.FileManagerUITests;
				PRODUCT_NAME = "$(TARGET_NAME)";
				TEST_TARGET_NAME = FileManager;
			};
			name = Debug;
		};
		6C4D91DC1DDEA6FA00023AF8 /* Release */ = {
			isa = XCBuildConfiguration;
			buildSettings = {
				INFOPLIST_FILE = FileManagerUITests/Info.plist;
				LD_RUNPATH_SEARCH_PATHS = "$(inherited) @executable_path/Frameworks @loader_path/Frameworks";
				PRODUCT_BUNDLE_IDENTIFIER = xiaodev.cn.FileManagerUITests;
				PRODUCT_NAME = "$(TARGET_NAME)";
				TEST_TARGET_NAME = FileManager;
			};
			name = Release;
		};
/* End XCBuildConfiguration section */

/* Begin XCConfigurationList section */
		6C4D919F1DDEA6F900023AF8 /* Build configuration list for PBXProject "FileManager" */ = {
			isa = XCConfigurationList;
			buildConfigurations = (
				6C4D91D21DDEA6FA00023AF8 /* Debug */,
				6C4D91D31DDEA6FA00023AF8 /* Release */,
			);
			defaultConfigurationIsVisible = 0;
			defaultConfigurationName = Release;
		};
		6C4D91D41DDEA6FA00023AF8 /* Build configuration list for PBXNativeTarget "FileManager" */ = {
			isa = XCConfigurationList;
			buildConfigurations = (
				6C4D91D51DDEA6FA00023AF8 /* Debug */,
				6C4D91D61DDEA6FA00023AF8 /* Release */,
			);
			defaultConfigurationIsVisible = 0;
			defaultConfigurationName = Release;
		};
		6C4D91D71DDEA6FA00023AF8 /* Build configuration list for PBXNativeTarget "FileManagerTests" */ = {
			isa = XCConfigurationList;
			buildConfigurations = (
				6C4D91D81DDEA6FA00023AF8 /* Debug */,
				6C4D91D91DDEA6FA00023AF8 /* Release */,
			);
			defaultConfigurationIsVisible = 0;
			defaultConfigurationName = Release;
		};
		6C4D91DA1DDEA6FA00023AF8 /* Build configuration list for PBXNativeTarget "FileManagerUITests" */ = {
			isa = XCConfigurationList;
			buildConfigurations = (
				6C4D91DB1DDEA6FA00023AF8 /* Debug */,
				6C4D91DC1DDEA6FA00023AF8 /* Release */,
			);
			defaultConfigurationIsVisible = 0;
			defaultConfigurationName = Release;
		};
/* End XCConfigurationList section */

/* Begin XCVersionGroup section */
		6C3331C01DFAA7920067FC45 /* FileModel.xcdatamodeld */ = {
			isa = XCVersionGroup;
			children = (
				6C3331C11DFAA7920067FC45 /* FileModel.xcdatamodel */,
			);
			currentVersion = 6C3331C11DFAA7920067FC45 /* FileModel.xcdatamodel */;
			path = FileModel.xcdatamodeld;
			sourceTree = "<group>";
			versionGroupType = wrapper.xcdatamodel;
		};
/* End XCVersionGroup section */
	};
	rootObject = 6C4D919C1DDEA6F900023AF8 /* Project object */;
}
